<?xml version="1.0" encoding="utf-8"?>
<Project ToolsVersion="4.0" xmlns="http://schemas.microsoft.com/developer/msbuild/2003">
  <ItemGroup>
    <Filter Include="Source Files">
      <UniqueIdentifier>{4FC737F1-C7A5-4376-A066-2A32D752A2FF}</UniqueIdentifier>
      <Extensions>cpp;c;cc;cxx;def;odl;idl;hpj;bat;asm;asmx</Extensions>
    </Filter>
    <Filter Include="Header Files">
      <UniqueIdentifier>{93995380-89BD-4b04-88EB-625FBE52EBFB}</UniqueIdentifier>
      <Extensions>h;hpp;hxx;hm;inl;inc;xsd</Extensions>
    </Filter>
    <Filter Include="Resource Files">
      <UniqueIdentifier>{67DA6AB6-F800-4c08-8B7A-83BB121AAD01}</UniqueIdentifier>
      <Extensions>rc;ico;cur;bmp;dlg;rc2;rct;bin;rgs;gif;jpg;jpeg;jpe;resx;tiff;tif;png;wav</Extensions>
    </Filter>
    <Filter Include="Libs">
      <UniqueIdentifier>{665db016-4ccf-4fb1-86c6-9f1f7cbbdf69}</UniqueIdentifier>
    </Filter>
    <Filter Include="Source Files\EngineLib">
      <UniqueIdentifier>{29ebd15a-3083-49f7-bbff-4d9013a0bd08}</UniqueIdentifier>
    </Filter>
    <Filter Include="Source Files\Shaders">
      <UniqueIdentifier>{de6a9b68-c5b7-4986-ba94-b48d24b60e4d}</UniqueIdentifier>
    </Filter>
    <Filter Include="Source Files\Shaders_EqEngine">
      <UniqueIdentifier>{dc5f7854-7125-4d41-addb-90ae82d9bc00}</UniqueIdentifier>
    </Filter>
  </ItemGroup>
  <ItemGroup>
    <ClCompile Include="ShadersMain.cpp">
      <Filter>Source Files</Filter>
    </ClCompile>
    <ClCompile Include="..\..\public\materialsystem\BaseShader.cpp">
      <Filter>Source Files</Filter>
    </ClCompile>
    <ClCompile Include="ShadersOverride.cpp">
      <Filter>Source Files</Filter>
    </ClCompile>
    <ClCompile Include="Shaders\BaseParticle.cpp">
      <Filter>Source Files\Shaders</Filter>
    </ClCompile>
    <ClCompile Include="Shaders\BaseUnlit.cpp">
      <Filter>Source Files\Shaders</Filter>
    </ClCompile>
    <ClCompile Include="Shaders\BlurFilter.cpp">
      <Filter>Source Files\Shaders</Filter>
    </ClCompile>
    <ClCompile Include="Shaders\Error.cpp">
      <Filter>Source Files\Shaders</Filter>
    </ClCompile>
    <ClCompile Include="Shaders\SDFFont.cpp">
      <Filter>Source Files\Shaders</Filter>
    </ClCompile>
    <ClCompile Include="Shaders\Sky.cpp">
      <Filter>Source Files\Shaders</Filter>
    </ClCompile>
    <ClCompile Include="Shaders_EqEngine\BaseDecal.cpp">
      <Filter>Source Files\Shaders_EqEngine</Filter>
    </ClCompile>
    <ClCompile Include="Shaders_EqEngine\BaseSingle.cpp">
      <Filter>Source Files\Shaders_EqEngine</Filter>
    </ClCompile>
    <ClCompile Include="Shaders_EqEngine\BaseVertexTransDecal4.cpp">
      <Filter>Source Files\Shaders_EqEngine</Filter>
    </ClCompile>
    <ClCompile Include="Shaders_EqEngine\BaseVertexTransition4.cpp">
      <Filter>Source Files\Shaders_EqEngine</Filter>
    </ClCompile>
    <ClCompile Include="Shaders_EqEngine\BleachBypass.cpp">
      <Filter>Source Files\Shaders_EqEngine</Filter>
    </ClCompile>
    <ClCompile Include="Shaders_EqEngine\DeferredAmbient.cpp">
      <Filter>Source Files\Shaders_EqEngine</Filter>
    </ClCompile>
    <ClCompile Include="Shaders_EqEngine\DeferredPointlight.cpp">
      <Filter>Source Files\Shaders_EqEngine</Filter>
    </ClCompile>
    <ClCompile Include="Shaders_EqEngine\DeferredSpotLight.cpp">
      <Filter>Source Files\Shaders_EqEngine</Filter>
    </ClCompile>
    <ClCompile Include="Shaders_EqEngine\DeferredSunLight.cpp">
      <Filter>Source Files\Shaders_EqEngine</Filter>
    </ClCompile>
    <ClCompile Include="Shaders_EqEngine\DepthWriteLighting.cpp">
      <Filter>Source Files\Shaders_EqEngine</Filter>
    </ClCompile>
    <ClCompile Include="Shaders_EqEngine\FlashlightReflector.cpp">
      <Filter>Source Files\Shaders_EqEngine</Filter>
    </ClCompile>
    <ClCompile Include="Shaders_EqEngine\HDRBloom.cpp">
      <Filter>Source Files\Shaders_EqEngine</Filter>
    </ClCompile>
    <ClCompile Include="Shaders_EqEngine\HDRBlur.cpp">
      <Filter>Source Files\Shaders_EqEngine</Filter>
    </ClCompile>
    <ClCompile Include="Shaders_EqEngine\InternalShaders.cpp">
      <Filter>Source Files\Shaders_EqEngine</Filter>
    </ClCompile>
    <ClCompile Include="Shaders_EqEngine\SkinnedRope.cpp">
      <Filter>Source Files\Shaders_EqEngine</Filter>
    </ClCompile>
    <ClCompile Include="Shaders_EqEngine\TestShader.cpp">
      <Filter>Source Files\Shaders_EqEngine</Filter>
    </ClCompile>
    <ClCompile Include="Shaders_EqEngine\Water.cpp">
      <Filter>Source Files\Shaders_EqEngine</Filter>
    </ClCompile>
    <ClCompile Include="Shaders_EqEngine\BaseSkinned.cpp">
      <Filter>Source Files\Shaders_EqEngine</Filter>
    </ClCompile>
    <ClCompile Include="Shaders\BaseSkinned.cpp">
      <Filter>Source Files\Shaders</Filter>
    </ClCompile>
    <ClCompile Include="EnvMapTest.cpp">
      <Filter>Source Files\Shaders</Filter>
    </ClCompile>
  </ItemGroup>
  <ItemGroup>
    <ClInclude Include="vars_generic.h">
      <Filter>Source Files</Filter>
    </ClInclude>
    <ClInclude Include="CmdLineParser.h">
      <Filter>Header Files</Filter>
    </ClInclude>
    <ClInclude Include="..\public\ConCommand.h">
      <Filter>Header Files</Filter>
    </ClInclude>
    <ClInclude Include="..\public\ConCommandBase.h">
      <Filter>Header Files</Filter>
    </ClInclude>
    <ClInclude Include="..\public\ConVar.h">
      <Filter>Header Files</Filter>
    </ClInclude>
    <ClInclude Include="..\public\core_base_header.h">
      <Filter>Header Files</Filter>
    </ClInclude>
    <ClInclude Include="..\public\DebugInterface.h">
      <Filter>Header Files</Filter>
    </ClInclude>
    <ClInclude Include="..\public\ICmdLineParser.h">
      <Filter>Header Files</Filter>
    </ClInclude>
    <ClInclude Include="..\public\IConCommandFactory.h">
      <Filter>Header Files</Filter>
    </ClInclude>
    <ClInclude Include="..\public\IDkCore.h">
      <Filter>Header Files</Filter>
    </ClInclude>
    <ClInclude Include="..\FileSystem\ifilesystem.h">
      <Filter>Header Files</Filter>
    </ClInclude>
    <ClInclude Include="..\public\InterfaceManager.h">
      <Filter>Header Files</Filter>
    </ClInclude>
    <ClInclude Include="..\public\Platform\Platform.h">
      <Filter>Header Files</Filter>
    </ClInclude>
    <ClInclude Include="..\..\public\materialsystem\BaseShader.h">
      <Filter>Source Files</Filter>
    </ClInclude>
  </ItemGroup>
  <ItemGroup>
    <Library Include="..\..\libs\DkCore.lib">
      <Filter>Libs</Filter>
    </Library>
    <Library Include="..\..\libs\CoreLib.lib">
      <Filter>Libs</Filter>
    </Library>
    <Library Include="..\..\libs\FrameworkLib.lib">
      <Filter>Libs</Filter>
    </Library>
  </ItemGroup>
</Project>