<?xml version="1.0" encoding="UTF-8" standalone="yes" ?>
<CodeBlocks_project_file>
	<FileVersion major="1" minor="6" />
	<Project>
		<Option title="EqBaseShaders" />
		<Option pch_mode="2" />
		<Option compiler="gcc" />
		<Build>
			<Target title="Release Win32">
				<Option output="../../../gamebin_linux/eqBaseShaders" imp_lib="$(TARGET_OUTPUT_DIR)$(TARGET_OUTPUT_BASENAME).a" def_file="$(TARGET_OUTPUT_DIR)$(TARGET_OUTPUT_BASENAME).def" prefix_auto="1" extension_auto="1" />
				<Option type="3" />
				<Option compiler="gcc" />
				<Compiler>
					<Add option="-O2" />
					<Add option="-DLINUX" />
					<Add option="-DNDEBUG" />
					<Add option="-D_USRDLL" />
					<Add option="-DEQSHADER_LIBRARY" />
					<Add directory="../../FileSystem" />
					<Add directory="../../Engine" />
					<Add directory="../../public" />
					<Add directory="../../public/core" />
					<Add directory="../../public/platform" />
					<Add directory="../../src_dependency/sdl2/include" />
					<Add directory="../../public/materialsystem/renderers" />
				</Compiler>
				<Linker>
					<Add library="../../libs/libcoreLib.a" />
					<Add library="../../libs/libPrevLib.a" />
				</Linker>
			</Target>
			<Target title="Debug Win32">
				<Option output="EngineShaders_vc10" prefix_auto="1" extension_auto="1" />
				<Option type="0" />
				<Option compiler="gcc" />
				<Compiler>
					<Add option="-DWIN32" />
					<Add option="-D_DEBUG" />
					<Add option="-D_WINDOWS" />
					<Add option="-D_USRDLL" />
					<Add option="-DUSE_SIMD" />
					<Add option="-D_CRT_SECURE_NO_WARNINGS" />
					<Add option="-D_CRT_SECURE_NO_DEPRECATE" />
					<Add directory="../../FileSystem" />
					<Add directory="../../Engine" />
					<Add directory="../../public" />
					<Add directory="../../public/core" />
					<Add directory="../../public/platform" />
					<Add directory="../../src_dependency/sdl2/include" />
					<Add directory="../../public/materialsystem/renderers" />
				</Compiler>
				<Linker>
					<Add library="odbc32.lib" />
					<Add library="odbccp32.lib" />
					<Add library="advapi32.lib" />
					<Add library="user32.lib" />
					<Add library="kernel32.lib" />
					<Add library="gdi32.lib" />
					<Add library="shell32.lib" />
					<Add library="winmm.lib" />
					<Add library="comctl32.lib" />
				</Linker>
			</Target>
		</Build>
		<Unit filename="../../public/BaseShader.cpp" />
		<Unit filename="../../public/BaseShader.h" />
		<Unit filename="../../public/ViewParams.cpp" />
		<Unit filename="../../public/ViewParams.h" />
		<Unit filename="../FileSystem/ifilesystem.h" />
		<Unit filename="../public/ConCommand.h" />
		<Unit filename="../public/ConCommandBase.h" />
		<Unit filename="../public/ConVar.h" />
		<Unit filename="../public/DebugInterface.h" />
		<Unit filename="../public/ICmdLineParser.h" />
		<Unit filename="../public/IConCommandFactory.h" />
		<Unit filename="../public/IDkCore.h" />
		<Unit filename="../public/InterfaceManager.h" />
		<Unit filename="../public/Platform/Platform.h" />
		<Unit filename="../public/core_base_header.h" />
		<Unit filename="BaseDecal.cpp" />
		<Unit filename="BaseParticle.cpp" />
		<Unit filename="BaseSingle.cpp" />
		<Unit filename="BaseVertexTransDecal4.cpp" />
		<Unit filename="BaseVertexTransition4.cpp" />
		<Unit filename="BleachBypass.cpp" />
		<Unit filename="Blur.cpp" />
		<Unit filename="CmdLineParser.h" />
		<Unit filename="DeferredPointlight.cpp" />
		<Unit filename="DeferredSpotLight.cpp" />
		<Unit filename="DeferredSunLight.cpp" />
		<Unit filename="DepthWriteLighting.cpp" />
		<Unit filename="ErrorShader.cpp" />
		<Unit filename="FlashlightReflector.cpp" />
		<Unit filename="HDRBloom.cpp" />
		<Unit filename="HDRBlur.cpp" />
		<Unit filename="Shaders/BaseUnlit.cpp" />
		<Unit filename="Shaders/DeferredAmbient.cpp" />
		<Unit filename="Shaders/InternalShaders.cpp" />
		<Unit filename="Shaders/SkyBox.cpp" />
		<Unit filename="ShadersMain.cpp" />
		<Unit filename="ShadersOverride.cpp" />
		<Unit filename="SkinnedModel.cpp" />
		<Unit filename="Water.cpp" />
		<Unit filename="vars_generic.h" />
		<Extensions>
			<code_completion />
			<debugger />
		</Extensions>
	</Project>
</CodeBlocks_project_file>
