<?xml version="1.0" encoding="UTF-8" standalone="yes" ?>
<CodeBlocks_project_file>
	<FileVersion major="1" minor="6" />
	<Project>
		<Option title="DkCore" />
		<Option pch_mode="2" />
		<Option compiler="gcc" />
		<Build>
			<Target title="Release Win32">
				<Option output="DriversEditor" prefix_auto="1" extension_auto="1" />
				<Option type="0" />
				<Option compiler="gcc" />
				<Compiler>
					<Add option="-DWIN32" />
					<Add option="-DNDEBUG" />
					<Add option="-D_WINDOWS" />
					<Add option="-D_USRDLL" />
					<Add option="-DENGINE_EXPORT" />
					<Add option="-DPHYSICS_EXPORT" />
					<Add option="-DNO_GAME" />
					<Add option="-DNO_ENGINE" />
					<Add option="-DNOENGINE" />
					<Add option="-DEDITOR" />
					<Add option="-D_CRT_SECURE_NO_WARNINGS" />
					<Add option="-D_CRT_SECURE_NO_DEPRECATE" />
					<Add directory="../FileSystem" />
					<Add directory="../Engine" />
					<Add directory="../public" />
					<Add directory="../public/core" />
					<Add directory="../public/platform" />
					<Add directory="../src_dependency/wx/include" />
					<Add directory="../src_dependency/wx/include/msvc" />
					<Add directory="../src_dependency/wx/include/msw" />
					<Add directory="../DriversGame" />
					<Add directory="../src_dependency/bullet/src" />
					<Add directory="../Game" />
					<Add directory="../src_dependency/sdl2/include" />
				</Compiler>
				<Linker>
					<Add directory="../src_dependency/wx/lib/vc_lib/" />
				</Linker>
			</Target>
			<Target title="Debug Win32">
				<Option output="DriversEditor" prefix_auto="1" extension_auto="1" />
				<Option type="0" />
				<Option compiler="gcc" />
				<Compiler>
					<Add option="-DWIN32" />
					<Add option="-D_DEBUG" />
					<Add option="-D_WINDOWS" />
					<Add option="-D_USRDLL" />
					<Add option="-DENGINE_EXPORT" />
					<Add option="-DPHYSICS_EXPORT" />
					<Add option="-DNO_GAME" />
					<Add option="-DNO_ENGINE" />
					<Add option="-DNOENGINE" />
					<Add directory="../FileSystem" />
					<Add directory="../Engine" />
					<Add directory="../public" />
					<Add directory="../public/platform" />
					<Add directory="../utils/wx/include" />
					<Add directory="../utils/wx/include/msvc" />
					<Add directory="../utils/wx/include/msw" />
					<Add directory="../DriversGame" />
					<Add directory="../DriversGame/TA" />
					<Add directory="../Game" />
				</Compiler>
				<Linker>
					<Add library="user32.lib" />
					<Add library="comctl32.lib" />
					<Add library="winmm.lib" />
					<Add directory="../utils/wx/lib/vc_lib/" />
				</Linker>
			</Target>
		</Build>
		<Unit filename="../DriversGame/GameObject.cpp" />
		<Unit filename="../DriversGame/GameObject.h" />
		<Unit filename="../DriversGame/Level.h" />
		<Unit filename="../DriversGame/car.cpp" />
		<Unit filename="../DriversGame/car.h" />
		<Unit filename="../DriversGame/eqPhysics/eqBulletIndexedMesh.cpp" />
		<Unit filename="../DriversGame/eqPhysics/eqBulletIndexedMesh.h" />
		<Unit filename="../DriversGame/eqPhysics/eqCollision_Object.cpp" />
		<Unit filename="../DriversGame/eqPhysics/eqCollision_Object.h" />
		<Unit filename="../DriversGame/eqPhysics/eqCollision_ObjectGrid.cpp" />
		<Unit filename="../DriversGame/eqPhysics/eqCollision_ObjectGrid.h" />
		<Unit filename="../DriversGame/eqPhysics/eqPhysics.cpp" />
		<Unit filename="../DriversGame/eqPhysics/eqPhysics.h" />
		<Unit filename="../DriversGame/eqPhysics/eqPhysics_Body.cpp" />
		<Unit filename="../DriversGame/eqPhysics/eqPhysics_Body.h" />
		<Unit filename="../DriversGame/heightfield.cpp" />
		<Unit filename="../DriversGame/heightfield.h" />
		<Unit filename="../DriversGame/level.cpp" />
		<Unit filename="../DriversGame/object_debris.cpp" />
		<Unit filename="../DriversGame/object_debris.h" />
		<Unit filename="../DriversGame/object_physics.cpp" />
		<Unit filename="../DriversGame/object_physics.h" />
		<Unit filename="../DriversGame/physics.cpp" />
		<Unit filename="../DriversGame/physics.h" />
		<Unit filename="../DriversGame/world.cpp" />
		<Unit filename="../DriversGame/world.h" />
		<Unit filename="../Engine/Audio/alsnd_ambient.cpp" />
		<Unit filename="../Engine/Audio/alsnd_ambient.h" />
		<Unit filename="../Engine/Audio/alsnd_emitter.cpp" />
		<Unit filename="../Engine/Audio/alsnd_emitter.h" />
		<Unit filename="../Engine/Audio/alsnd_sample.cpp" />
		<Unit filename="../Engine/Audio/alsnd_sample.h" />
		<Unit filename="../Engine/Audio/alsound_local.cpp" />
		<Unit filename="../Engine/Audio/alsound_local.h" />
		<Unit filename="../Engine/Audio/soundzero.cpp" />
		<Unit filename="../Engine/Audio/soundzero.h" />
		<Unit filename="../Engine/DebugOverlay.cpp" />
		<Unit filename="../Engine/DebugOverlay.h" />
		<Unit filename="../Engine/EngineModelLoader.h" />
		<Unit filename="../Engine/modelloader_shared.cpp" />
		<Unit filename="../Engine/modelloader_shared.h" />
		<Unit filename="../Engine/studio_egf.cpp" />
		<Unit filename="../Engine/studio_egf.h" />
		<Unit filename="../FileSystem/fs_module.h" />
		<Unit filename="../Game/EffectRender.cpp" />
		<Unit filename="../Game/EffectRender.h" />
		<Unit filename="../Game/EqParticles.h" />
		<Unit filename="../Game/EqParticles_Render.cpp" />
		<Unit filename="../public/BaseRenderableObject.h" />
		<Unit filename="../public/CPU.h" />
		<Unit filename="../public/CharSet.h" />
		<Unit filename="../public/ConCommand.h" />
		<Unit filename="../public/ConCommandBase.h" />
		<Unit filename="../public/ConVar.h" />
		<Unit filename="../public/DebugInterface.h" />
		<Unit filename="../public/Font.cpp" />
		<Unit filename="../public/Font.h" />
		<Unit filename="../public/GameSoundEmitterSystem.cpp" />
		<Unit filename="../public/GameSoundEmitterSystem.h" />
		<Unit filename="../public/ICmdLineParser.h" />
		<Unit filename="../public/ICommandAccessor.h" />
		<Unit filename="../public/IConCommandFactory.h" />
		<Unit filename="../public/IDkCore.h" />
		<Unit filename="../public/IFileSystem.h" />
		<Unit filename="../public/IIniFile.h" />
		<Unit filename="../public/IMaterial.h" />
		<Unit filename="../public/IMaterialSystem.h" />
		<Unit filename="../public/IMeshBuilder.h" />
		<Unit filename="../public/IRenderer.h" />
		<Unit filename="../public/IShader.h" />
		<Unit filename="../public/InterfaceManager.h" />
		<Unit filename="../public/KeyValues.h" />
		<Unit filename="../public/Math/DkMath.h" />
		<Unit filename="../public/Math/MathTools.h" />
		<Unit filename="../public/Math/Matrix.h" />
		<Unit filename="../public/Math/Quaternion.h" />
		<Unit filename="../public/Math/Random.h" />
		<Unit filename="../public/Math/Vector.h" />
		<Unit filename="../public/Math/Volume.h" />
		<Unit filename="../public/Math/math_util.cpp" />
		<Unit filename="../public/Math/math_util.h" />
		<Unit filename="../public/Platform/Platform.h" />
		<Unit filename="../public/RenderList.h" />
		<Unit filename="../public/TextureAtlas.cpp" />
		<Unit filename="../public/TextureAtlas.h" />
		<Unit filename="../public/Utils/Align.h" />
		<Unit filename="../public/Utils/DkLinkedList.h" />
		<Unit filename="../public/Utils/DkList.h" />
		<Unit filename="../public/Utils/DkStr.h" />
		<Unit filename="../public/Utils/GeomTools.cpp" />
		<Unit filename="../public/Utils/GeomTools.h" />
		<Unit filename="../public/Utils/Queue.h" />
		<Unit filename="../public/Utils/String.h" />
		<Unit filename="../public/Utils/Thread.h" />
		<Unit filename="../public/Utils/TimeMeasure.h" />
		<Unit filename="../public/Utils/strtools.h" />
		<Unit filename="../public/ViewParams.cpp" />
		<Unit filename="../public/ViewParams.h" />
		<Unit filename="../public/animation_shared.h" />
		<Unit filename="../public/consolenode.h" />
		<Unit filename="../public/core_base_header.h" />
		<Unit filename="../public/dsm_esm_loader.cpp" />
		<Unit filename="../public/dsm_esm_loader.h" />
		<Unit filename="../public/dsm_loader.cpp" />
		<Unit filename="../public/dsm_loader.h" />
		<Unit filename="../public/dsm_obj_loader.cpp" />
		<Unit filename="../public/dsm_obj_loader.h" />
		<Unit filename="../shared_engine/physics/BulletConvert.h" />
		<Unit filename="../shared_engine/physics/BulletShapeCache.cpp" />
		<Unit filename="../shared_engine/physics/BulletShapeCache.h" />
		<Unit filename="../utils/eq_physgen/physgen_process.h" />
		<Unit filename="../utils/eq_physgen/scriptcompile.h" />
		<Unit filename="BaseTilebasedEditor.cpp" />
		<Unit filename="BaseTilebasedEditor.h" />
		<Unit filename="CommandAccessor.h" />
		<Unit filename="ConCommandFactory.h" />
		<Unit filename="DkCore.h" />
		<Unit filename="EditorHeader.h" />
		<Unit filename="EditorMain.cpp" />
		<Unit filename="EditorMain.h" />
		<Unit filename="ExceptionHandler.h" />
		<Unit filename="IEditorTool.h" />
		<Unit filename="LoadLevDialog.cpp" />
		<Unit filename="LoadLevDialog.h" />
		<Unit filename="Notes.txt" />
		<Unit filename="UI_HeightEdit.cpp" />
		<Unit filename="UI_HeightEdit.h" />
		<Unit filename="UI_LevelModels.cpp" />
		<Unit filename="UI_LevelModels.h" />
		<Unit filename="editaxis.h" />
		<Unit filename="windows/Resources.rc" />
		<Unit filename="windows/mainicon.ico" />
		<Unit filename="windows/resource.h" />
		<Extensions>
			<code_completion />
			<debugger />
		</Extensions>
	</Project>
</CodeBlocks_project_file>
