<?xml version="1.0" encoding="utf-8"?>
<Project ToolsVersion="4.0" xmlns="http://schemas.microsoft.com/developer/msbuild/2003">
  <ItemGroup>
    <Filter Include="Libs">
      <UniqueIdentifier>{b85fb792-0e43-478e-a571-1f7defa6647a}</UniqueIdentifier>
    </Filter>
    <Filter Include="Shaders">
      <UniqueIdentifier>{7c02264e-559a-4f51-b8b3-a1552cf7f436}</UniqueIdentifier>
    </Filter>
    <Filter Include="EngineLib">
      <UniqueIdentifier>{4FC737F1-C7A5-4376-A066-2A32D752A2FF}</UniqueIdentifier>
      <Extensions>cpp;c;cc;cxx;def;odl;idl;hpj;bat;asm;asmx</Extensions>
    </Filter>
    <Filter Include="EngineLib\Math">
      <UniqueIdentifier>{f282d523-4091-48c4-b5a7-75e959be8a1b}</UniqueIdentifier>
    </Filter>
    <Filter Include="EngineLib\Utils">
      <UniqueIdentifier>{8a35924b-babe-48de-90ed-720d2a32799b}</UniqueIdentifier>
    </Filter>
    <Filter Include="EngineLib\Renderer">
      <UniqueIdentifier>{70cfe73c-4255-42e3-952c-5d1c430dcbff}</UniqueIdentifier>
    </Filter>
    <Filter Include="EngineLib\Models">
      <UniqueIdentifier>{4ce91646-6db2-4f20-9eb6-59a0ee7b915e}</UniqueIdentifier>
    </Filter>
    <Filter Include="EngineLib\Physics">
      <UniqueIdentifier>{2a5a5a79-dfb5-4470-803b-6269370bc104}</UniqueIdentifier>
    </Filter>
  </ItemGroup>
  <ItemGroup>
    <ClCompile Include="eqlc_main.cpp" />
    <ClCompile Include="..\..\Engine\EqGameLevel.cpp" />
    <ClCompile Include="..\..\Engine\ViewRenderer.cpp">
      <Filter>EngineLib\Renderer</Filter>
    </ClCompile>
    <ClCompile Include="..\..\public\RenderList.cpp">
      <Filter>EngineLib\Renderer</Filter>
    </ClCompile>
    <ClCompile Include="..\..\public\ViewParams.cpp">
      <Filter>EngineLib\Renderer</Filter>
    </ClCompile>
    <ClCompile Include="..\..\Engine\modelloader_shared.cpp">
      <Filter>EngineLib\Models</Filter>
    </ClCompile>
    <ClCompile Include="EQLCPointLight.cpp">
      <Filter>Shaders</Filter>
    </ClCompile>
    <ClCompile Include="..\..\public\BaseShader.cpp">
      <Filter>Shaders</Filter>
    </ClCompile>
    <ClCompile Include="lighting.cpp" />
    <ClCompile Include="EQLCLightmapFilter.cpp">
      <Filter>Shaders</Filter>
    </ClCompile>
    <ClCompile Include="EQLCSpotLight.cpp">
      <Filter>Shaders</Filter>
    </ClCompile>
    <ClCompile Include="..\..\Engine\Physics\DkBulletObject.cpp">
      <Filter>EngineLib\Physics</Filter>
    </ClCompile>
    <ClCompile Include="..\..\Engine\Physics\dkbulletphysics.cpp">
      <Filter>EngineLib\Physics</Filter>
    </ClCompile>
    <ClCompile Include="..\..\Engine\Physics\DkPhysicsJoint.cpp">
      <Filter>EngineLib\Physics</Filter>
    </ClCompile>
    <ClCompile Include="..\..\Engine\Physics\DkPhysicsRope.cpp">
      <Filter>EngineLib\Physics</Filter>
    </ClCompile>
    <ClCompile Include="EQLCDepthWrite.cpp">
      <Filter>Shaders</Filter>
    </ClCompile>
    <ClCompile Include="..\..\public\BaseRenderableObject.cpp">
      <Filter>EngineLib\Renderer</Filter>
    </ClCompile>
    <ClCompile Include="..\..\public\Utils\GeomTools.cpp">
      <Filter>EngineLib\Utils</Filter>
    </ClCompile>
    <ClCompile Include="..\..\public\Math\math_util.cpp">
      <Filter>EngineLib\Math</Filter>
    </ClCompile>
    <ClCompile Include="..\..\Engine\studio_egf.cpp">
      <Filter>EngineLib\Models</Filter>
    </ClCompile>
  </ItemGroup>
  <ItemGroup>
    <ClInclude Include="eqlc.h" />
    <ClInclude Include="..\..\Engine\EqGameLevel.h" />
    <ClInclude Include="..\..\Engine\ViewRenderer.h">
      <Filter>EngineLib\Renderer</Filter>
    </ClInclude>
    <ClInclude Include="..\..\public\RenderList.h">
      <Filter>EngineLib\Renderer</Filter>
    </ClInclude>
    <ClInclude Include="..\..\public\ViewParams.h">
      <Filter>EngineLib\Renderer</Filter>
    </ClInclude>
    <ClInclude Include="..\..\Engine\modelloader_shared.h">
      <Filter>EngineLib\Models</Filter>
    </ClInclude>
    <ClInclude Include="..\..\public\BaseShader.h">
      <Filter>Shaders</Filter>
    </ClInclude>
    <ClInclude Include="..\..\Engine\Physics\Convert.h">
      <Filter>EngineLib\Physics</Filter>
    </ClInclude>
    <ClInclude Include="..\..\Engine\Physics\DkBulletObject.h">
      <Filter>EngineLib\Physics</Filter>
    </ClInclude>
    <ClInclude Include="..\..\Engine\Physics\DkBulletPhysics.h">
      <Filter>EngineLib\Physics</Filter>
    </ClInclude>
    <ClInclude Include="..\..\Engine\Physics\DkPhysicsJoint.h">
      <Filter>EngineLib\Physics</Filter>
    </ClInclude>
    <ClInclude Include="..\..\Engine\Physics\DkPhysicsRope.h">
      <Filter>EngineLib\Physics</Filter>
    </ClInclude>
    <ClInclude Include="..\..\public\BaseRenderableObject.h">
      <Filter>EngineLib\Renderer</Filter>
    </ClInclude>
    <ClInclude Include="..\..\public\Utils\GeomTools.h">
      <Filter>EngineLib\Utils</Filter>
    </ClInclude>
    <ClInclude Include="..\..\public\Math\math_util.h">
      <Filter>EngineLib\Math</Filter>
    </ClInclude>
    <ClInclude Include="..\..\Engine\studio_egf.h">
      <Filter>EngineLib\Models</Filter>
    </ClInclude>
  </ItemGroup>
  <ItemGroup>
    <Library Include="..\..\libs\DkCore.lib">
      <Filter>Libs</Filter>
    </Library>
    <Library Include="..\..\libs\zlib.lib">
      <Filter>Libs</Filter>
    </Library>
    <Library Include="..\..\libs\libjpeg.lib">
      <Filter>Libs</Filter>
    </Library>
    <Library Include="..\..\libs\libpng.lib">
      <Filter>Libs</Filter>
    </Library>
    <Library Include="..\..\src_dependency\bullet\lib\BulletCollision_vs2010.lib">
      <Filter>Libs</Filter>
    </Library>
    <Library Include="..\..\src_dependency\bullet\lib\BulletDynamics_vs2010.lib">
      <Filter>Libs</Filter>
    </Library>
    <Library Include="..\..\src_dependency\bullet\lib\BulletSoftBody_vs2010.lib">
      <Filter>Libs</Filter>
    </Library>
    <Library Include="..\..\src_dependency\bullet\lib\LinearMath_vs2010.lib">
      <Filter>Libs</Filter>
    </Library>
    <Library Include="..\..\libs\CoreLib.lib">
      <Filter>Libs</Filter>
    </Library>
    <Library Include="..\..\libs\FrameworkLib.lib">
      <Filter>Libs</Filter>
    </Library>
  </ItemGroup>
</Project>