<?xml version="1.0" encoding="utf-8"?>
<Project ToolsVersion="4.0" xmlns="http://schemas.microsoft.com/developer/msbuild/2003">
  <ItemGroup>
    <Filter Include="Source Files">
      <UniqueIdentifier>{4FC737F1-C7A5-4376-A066-2A32D752A2FF}</UniqueIdentifier>
      <Extensions>cpp;c;cc;cxx;def;odl;idl;hpj;bat;asm;asmx</Extensions>
    </Filter>
    <Filter Include="Source Files\Utils">
      <UniqueIdentifier>{91519df0-f13f-4ab6-98b6-537e08edfcec}</UniqueIdentifier>
    </Filter>
    <Filter Include="Header Files">
      <UniqueIdentifier>{93995380-89BD-4b04-88EB-625FBE52EBFB}</UniqueIdentifier>
      <Extensions>h;hpp;hxx;hm;inl;inc;xsd</Extensions>
    </Filter>
    <Filter Include="Libs">
      <UniqueIdentifier>{fdbef0fa-1532-40bb-ba69-0533d1e79744}</UniqueIdentifier>
    </Filter>
    <Filter Include="Libs\Bullet">
      <UniqueIdentifier>{f13f9af2-ae80-4d5f-a20c-af47df9518dd}</UniqueIdentifier>
    </Filter>
    <Filter Include="Resource Files">
      <UniqueIdentifier>{67DA6AB6-F800-4c08-8B7A-83BB121AAD01}</UniqueIdentifier>
      <Extensions>rc;ico;cur;bmp;dlg;rc2;rct;bin;rgs;gif;jpg;jpeg;jpe;resx;tiff;tif;png;wav</Extensions>
    </Filter>
    <Filter Include="Source Files\Audio">
      <UniqueIdentifier>{468f0392-2495-478a-b801-517aea3af885}</UniqueIdentifier>
    </Filter>
    <Filter Include="Source Files\Audio\AL">
      <UniqueIdentifier>{a366dd1e-6611-41ae-b627-58f7cf938204}</UniqueIdentifier>
    </Filter>
    <Filter Include="Source Files\Audio\NEW">
      <UniqueIdentifier>{9a24a7ab-3469-4595-9318-17e1fc93dc96}</UniqueIdentifier>
    </Filter>
    <Filter Include="Source Files\Common">
      <UniqueIdentifier>{9a0e6a51-bebb-4e05-b59e-ab07b058dc8d}</UniqueIdentifier>
    </Filter>
    <Filter Include="Source Files\Common\Keys">
      <UniqueIdentifier>{1f894a03-e582-4914-a901-433591d9cb4f}</UniqueIdentifier>
    </Filter>
    <Filter Include="Source Files\Common\FileSystem">
      <UniqueIdentifier>{82c88a86-6795-4a30-bf9a-81d06413dfa0}</UniqueIdentifier>
    </Filter>
    <Filter Include="Source Files\GameSystem">
      <UniqueIdentifier>{41e1ea42-ec65-4003-a7fc-b30544296c35}</UniqueIdentifier>
    </Filter>
    <Filter Include="Source Files\GameSystem\Entities">
      <UniqueIdentifier>{09809670-6c63-41e0-94fb-f21973455306}</UniqueIdentifier>
    </Filter>
    <Filter Include="Source Files\Math">
      <UniqueIdentifier>{e7ada3e3-9281-4160-a0f8-99962d351f30}</UniqueIdentifier>
    </Filter>
    <Filter Include="Source Files\Models">
      <UniqueIdentifier>{a1efd553-144c-42e0-b58d-24dce73bc396}</UniqueIdentifier>
    </Filter>
    <Filter Include="Source Files\Physics">
      <UniqueIdentifier>{cac40d18-0e06-4d70-a680-6d3a7dd9dfea}</UniqueIdentifier>
    </Filter>
    <Filter Include="Source Files\Physics\Bullet">
      <UniqueIdentifier>{61d02ee2-4e71-430d-b900-7ede2d8f3e7a}</UniqueIdentifier>
    </Filter>
    <Filter Include="Source Files\Renderer">
      <UniqueIdentifier>{e3d4d690-2981-4445-9c20-c49b3eab54cc}</UniqueIdentifier>
    </Filter>
    <Filter Include="Source Files\Renderer\Scene">
      <UniqueIdentifier>{bbc73355-b9a7-429c-a56b-8d75be2c0481}</UniqueIdentifier>
    </Filter>
    <Filter Include="Source Files\Renderer\Debug">
      <UniqueIdentifier>{b8b90d5d-4ce4-47df-8eeb-97bdad87f02c}</UniqueIdentifier>
    </Filter>
    <Filter Include="Source Files\System">
      <UniqueIdentifier>{34488533-2144-455e-9124-05a5b85a9f7e}</UniqueIdentifier>
    </Filter>
    <Filter Include="Source Files\UI">
      <UniqueIdentifier>{17ddfd4f-5266-4174-ae20-ddb2b043b6cd}</UniqueIdentifier>
    </Filter>
  </ItemGroup>
  <ItemGroup>
    <ClCompile Include="..\public\Math\math_util.cpp">
      <Filter>Source Files\Math</Filter>
    </ClCompile>
    <ClCompile Include="Modules.cpp">
      <Filter>Source Files\System</Filter>
    </ClCompile>
    <ClCompile Include="sys_main.cpp">
      <Filter>Source Files\System</Filter>
    </ClCompile>
    <ClCompile Include="sys_mainwind.cpp">
      <Filter>Source Files\System</Filter>
    </ClCompile>
    <ClCompile Include="EntityFactory.cpp">
      <Filter>Source Files\GameSystem\Entities</Filter>
    </ClCompile>
    <ClCompile Include="Physics\DkBulletObject.cpp">
      <Filter>Source Files\Physics\Bullet</Filter>
    </ClCompile>
    <ClCompile Include="Physics\DkBulletPhysics.cpp">
      <Filter>Source Files\Physics\Bullet</Filter>
    </ClCompile>
    <ClCompile Include="Physics\DkPhysicsJoint.cpp">
      <Filter>Source Files\Physics\Bullet</Filter>
    </ClCompile>
    <ClCompile Include="Physics\DkPhysicsRope.cpp">
      <Filter>Source Files\Physics\Bullet</Filter>
    </ClCompile>
    <ClCompile Include="..\public\Utils\GeomTools.cpp">
      <Filter>Source Files\Utils</Filter>
    </ClCompile>
    <ClCompile Include="..\public\ViewParams.cpp">
      <Filter>Source Files\Renderer\Scene</Filter>
    </ClCompile>
    <ClCompile Include="..\public\BaseRenderableObject.cpp">
      <Filter>Source Files\Renderer\Scene</Filter>
    </ClCompile>
    <ClCompile Include="ViewRenderer.cpp">
      <Filter>Source Files\Renderer\Scene</Filter>
    </ClCompile>
    <ClCompile Include="..\public\Decals.cpp">
      <Filter>Source Files\Renderer\Scene</Filter>
    </ClCompile>
    <ClCompile Include="CEngineGame.cpp">
      <Filter>Source Files\GameSystem</Filter>
    </ClCompile>
    <ClCompile Include="EqGameLevel.cpp">
      <Filter>Source Files\GameSystem</Filter>
    </ClCompile>
    <ClCompile Include="..\public\GlobalVarsBase.cpp">
      <Filter>Source Files\GameSystem</Filter>
    </ClCompile>
    <ClCompile Include="sys_enginehost.cpp">
      <Filter>Source Files\System</Filter>
    </ClCompile>
    <ClCompile Include="..\public\mtriangle_framework.cpp">
      <Filter>Source Files\Utils</Filter>
    </ClCompile>
    <ClCompile Include="BaseViewRenderer.cpp">
      <Filter>Source Files\Renderer\Scene</Filter>
    </ClCompile>
    <ClCompile Include="Audio\EqSoundSystemA.cpp">
      <Filter>Source Files\Audio\NEW</Filter>
    </ClCompile>
    <ClCompile Include="..\shared_engine\physics\BulletShapeCache.cpp">
      <Filter>Source Files\Physics\Bullet</Filter>
    </ClCompile>
    <ClCompile Include="..\shared_engine\Audio\alsnd_stream.cpp">
      <Filter>Source Files\Audio\AL</Filter>
    </ClCompile>
    <ClCompile Include="..\shared_engine\Audio\alsnd_emitter.cpp">
      <Filter>Source Files\Audio\AL</Filter>
    </ClCompile>
    <ClCompile Include="..\shared_engine\Audio\alsnd_sample.cpp">
      <Filter>Source Files\Audio\AL</Filter>
    </ClCompile>
    <ClCompile Include="..\shared_engine\Audio\alsound_local.cpp">
      <Filter>Source Files\Audio\AL</Filter>
    </ClCompile>
    <ClCompile Include="..\shared_engine\sys_console.cpp">
      <Filter>Source Files\System</Filter>
    </ClCompile>
    <ClCompile Include="..\shared_engine\EngineVersion.cpp">
      <Filter>Source Files\System</Filter>
    </ClCompile>
    <ClCompile Include="..\shared_engine\modelloader_shared.cpp">
      <Filter>Source Files\Models</Filter>
    </ClCompile>
    <ClCompile Include="..\shared_engine\studio_egf.cpp">
      <Filter>Source Files\Models</Filter>
    </ClCompile>
    <ClCompile Include="..\shared_engine\Audio\soundzero.cpp">
      <Filter>Source Files\Audio</Filter>
    </ClCompile>
    <ClCompile Include="..\shared_engine\KeyBinding\Keys.cpp">
      <Filter>Source Files\Common\Keys</Filter>
    </ClCompile>
    <ClCompile Include="..\shared_engine\cfgloader.cpp">
      <Filter>Source Files\Common\FileSystem</Filter>
    </ClCompile>
    <ClCompile Include="..\shared_engine\DebugOverlay.cpp">
      <Filter>Source Files\Renderer\Debug</Filter>
    </ClCompile>
    <ClCompile Include="..\shared_engine\FontLayoutBuilders.cpp">
      <Filter>Source Files</Filter>
    </ClCompile>
    <ClCompile Include="..\shared_engine\eqGlobalMutex.cpp">
      <Filter>Source Files</Filter>
    </ClCompile>
    <ClCompile Include="..\shared_engine\eqParallelJobs.cpp">
      <Filter>Source Files</Filter>
    </ClCompile>
    <ClCompile Include="..\shared_engine\Font.cpp">
      <Filter>Source Files\UI</Filter>
    </ClCompile>
    <ClCompile Include="..\shared_engine\FontCache.cpp">
      <Filter>Source Files\UI</Filter>
    </ClCompile>
  </ItemGroup>
  <ItemGroup>
    <ClInclude Include="..\public\Utils\DkLinkedList.h">
      <Filter>Source Files\Utils</Filter>
    </ClInclude>
    <ClInclude Include="..\public\Utils\DkList.h">
      <Filter>Source Files\Utils</Filter>
    </ClInclude>
    <ClInclude Include="..\public\coord.h">
      <Filter>Source Files\Common</Filter>
    </ClInclude>
    <ClInclude Include="..\public\Math\DkMath.h">
      <Filter>Source Files\Math</Filter>
    </ClInclude>
    <ClInclude Include="KeyBinding\Keys.h">
      <Filter>Source Files\Common\Keys</Filter>
    </ClInclude>
    <ClInclude Include="..\FileSystem\cfgloader.h">
      <Filter>Source Files\Common\FileSystem</Filter>
    </ClInclude>
    <ClInclude Include="EngineVersion.h">
      <Filter>Source Files\System</Filter>
    </ClInclude>
    <ClInclude Include="..\public\in_keys_ident.h">
      <Filter>Source Files\System</Filter>
    </ClInclude>
    <ClInclude Include="Modules.h">
      <Filter>Source Files\System</Filter>
    </ClInclude>
    <ClInclude Include="..\public\IFont.h">
      <Filter>Source Files\Renderer</Filter>
    </ClInclude>
    <ClInclude Include="..\public\scene_def.h">
      <Filter>Source Files\Renderer\Scene</Filter>
    </ClInclude>
    <ClInclude Include="..\public\eqmodel.h">
      <Filter>Source Files\Models</Filter>
    </ClInclude>
    <ClInclude Include="..\public\model.h">
      <Filter>Source Files\Models</Filter>
    </ClInclude>
    <ClInclude Include="modelloader_shared.h">
      <Filter>Source Files\Models</Filter>
    </ClInclude>
    <ClInclude Include="EntityFactory.h">
      <Filter>Source Files\GameSystem\Entities</Filter>
    </ClInclude>
    <ClInclude Include="..\public\IEntityFactory.h">
      <Filter>Source Files\GameSystem\Entities</Filter>
    </ClInclude>
    <ClInclude Include="Audio\soundzero.h">
      <Filter>Source Files\Audio</Filter>
    </ClInclude>
    <ClInclude Include="..\public\IDkPhysics.h">
      <Filter>Source Files\Physics</Filter>
    </ClInclude>
    <ClInclude Include="IPhysicsController.h">
      <Filter>Source Files\Physics</Filter>
    </ClInclude>
    <ClInclude Include="..\public\IPhysicsJoint.h">
      <Filter>Source Files\Physics</Filter>
    </ClInclude>
    <ClInclude Include="..\public\IPhysicsObject.h">
      <Filter>Source Files\Physics</Filter>
    </ClInclude>
    <ClInclude Include="..\public\IPhysicsRope.h">
      <Filter>Source Files\Physics</Filter>
    </ClInclude>
    <ClInclude Include="..\public\IPhysicsVehicle.h">
      <Filter>Source Files\Physics</Filter>
    </ClInclude>
    <ClInclude Include="..\public\PhysicsCollisionGroup.h">
      <Filter>Source Files\Physics</Filter>
    </ClInclude>
    <ClInclude Include="Physics\DkBulletPhysics.h">
      <Filter>Source Files\Physics\Bullet</Filter>
    </ClInclude>
    <ClInclude Include="Physics\DkPhysicsJoint.h">
      <Filter>Source Files\Physics\Bullet</Filter>
    </ClInclude>
    <ClInclude Include="Physics\DkPhysicsRope.h">
      <Filter>Source Files\Physics\Bullet</Filter>
    </ClInclude>
    <ClInclude Include="..\public\Utils\Align.h">
      <Filter>Header Files</Filter>
    </ClInclude>
    <ClInclude Include="..\public\CharSet.h">
      <Filter>Header Files</Filter>
    </ClInclude>
    <ClInclude Include="CmdLineParser.h">
      <Filter>Header Files</Filter>
    </ClInclude>
    <ClInclude Include="..\public\ConCommand.h">
      <Filter>Header Files</Filter>
    </ClInclude>
    <ClInclude Include="..\public\ConCommandBase.h">
      <Filter>Header Files</Filter>
    </ClInclude>
    <ClInclude Include="..\public\consolenode.h">
      <Filter>Header Files</Filter>
    </ClInclude>
    <ClInclude Include="..\public\ConVar.h">
      <Filter>Header Files</Filter>
    </ClInclude>
    <ClInclude Include="..\public\core_base_header.h">
      <Filter>Header Files</Filter>
    </ClInclude>
    <ClInclude Include="CoreVersion.h">
      <Filter>Header Files</Filter>
    </ClInclude>
    <ClInclude Include="..\public\DebugInterface.h">
      <Filter>Header Files</Filter>
    </ClInclude>
    <ClInclude Include="..\public\ICmdLineParser.h">
      <Filter>Header Files</Filter>
    </ClInclude>
    <ClInclude Include="..\public\IConCommandFactory.h">
      <Filter>Header Files</Filter>
    </ClInclude>
    <ClInclude Include="..\public\IDkCore.h">
      <Filter>Header Files</Filter>
    </ClInclude>
    <ClInclude Include="..\FileSystem\ifilesystem.h">
      <Filter>Header Files</Filter>
    </ClInclude>
    <ClInclude Include="..\public\InterfaceManager.h">
      <Filter>Header Files</Filter>
    </ClInclude>
    <ClInclude Include="..\public\Platform\Platform.h">
      <Filter>Header Files</Filter>
    </ClInclude>
    <ClInclude Include="..\public\Utils\GeomTools.h">
      <Filter>Source Files\Utils</Filter>
    </ClInclude>
    <ClInclude Include="..\public\ViewParams.h">
      <Filter>Source Files\Renderer\Scene</Filter>
    </ClInclude>
    <ClInclude Include="..\public\BaseRenderableObject.h">
      <Filter>Source Files\Renderer\Scene</Filter>
    </ClInclude>
    <ClInclude Include="..\public\IViewRenderer.h">
      <Filter>Source Files\Renderer\Scene</Filter>
    </ClInclude>
    <ClInclude Include="ViewRenderer.h">
      <Filter>Source Files\Renderer\Scene</Filter>
    </ClInclude>
    <ClInclude Include="..\public\Decals.h">
      <Filter>Source Files\Renderer\Scene</Filter>
    </ClInclude>
    <ClInclude Include="..\public\Math\math_common.h">
      <Filter>Source Files\Math</Filter>
    </ClInclude>
    <ClInclude Include="EqGameLevel.h">
      <Filter>Source Files\GameSystem</Filter>
    </ClInclude>
    <ClInclude Include="..\public\GlobalVarsBase.h">
      <Filter>Source Files\GameSystem</Filter>
    </ClInclude>
    <ClInclude Include="..\public\IEngineGame.h">
      <Filter>Source Files\GameSystem</Filter>
    </ClInclude>
    <ClInclude Include="..\public\IEngineWorld.h">
      <Filter>Source Files\GameSystem</Filter>
    </ClInclude>
    <ClInclude Include="..\public\IEngineHost.h">
      <Filter>Source Files\System</Filter>
    </ClInclude>
    <ClInclude Include="sys_enginehost.h">
      <Filter>Source Files\System</Filter>
    </ClInclude>
    <ClInclude Include="..\public\mtriangle_framework.h">
      <Filter>Source Files\Utils</Filter>
    </ClInclude>
    <ClInclude Include="studio_egf.h">
      <Filter>Source Files\Models</Filter>
    </ClInclude>
    <ClInclude Include="..\public\IEqModel.h">
      <Filter>Source Files\Models</Filter>
    </ClInclude>
    <ClInclude Include="..\public\ISoundSystem.h">
      <Filter>Source Files\Audio</Filter>
    </ClInclude>
    <ClInclude Include="BaseViewRenderer.h">
      <Filter>Source Files\Renderer\Scene</Filter>
    </ClInclude>
    <ClInclude Include="Audio\EqSoundSystemA.h">
      <Filter>Source Files\Audio\NEW</Filter>
    </ClInclude>
    <ClInclude Include="Audio\IEqSoundEmitter.h">
      <Filter>Source Files\Audio\NEW</Filter>
    </ClInclude>
    <ClInclude Include="Audio\IEqSoundSample.h">
      <Filter>Source Files\Audio\NEW</Filter>
    </ClInclude>
    <ClInclude Include="Audio\IEqSoundSystem.h">
      <Filter>Source Files\Audio\NEW</Filter>
    </ClInclude>
    <ClInclude Include="..\shared_engine\physics\BulletConvert.h">
      <Filter>Source Files\Physics\Bullet</Filter>
    </ClInclude>
    <ClInclude Include="..\shared_engine\physics\BulletShapeCache.h">
      <Filter>Source Files\Physics\Bullet</Filter>
    </ClInclude>
    <ClInclude Include="..\shared_engine\FontLayoutBuilders.h">
      <Filter>Source Files</Filter>
    </ClInclude>
    <ClInclude Include="..\shared_engine\eqGlobalMutex.h">
      <Filter>Source Files</Filter>
    </ClInclude>
    <ClInclude Include="..\shared_engine\eqParallelJobs.h">
      <Filter>Source Files</Filter>
    </ClInclude>
    <ClInclude Include="..\public\Font.h">
      <Filter>Source Files\UI</Filter>
    </ClInclude>
    <ClInclude Include="..\shared_engine\FontCache.h">
      <Filter>Source Files\UI</Filter>
    </ClInclude>
  </ItemGroup>
  <ItemGroup>
    <Library Include="..\Libs\DkCore.lib">
      <Filter>Libs</Filter>
    </Library>
    <Library Include="..\Libs\zlib.lib">
      <Filter>Libs</Filter>
    </Library>
    <Library Include="..\src_dependency\SDL2\lib\SDL2.lib">
      <Filter>Libs</Filter>
    </Library>
    <Library Include="..\src_dependency\bullet\lib\BulletCollision_vs2010_debug.lib">
      <Filter>Libs\Bullet</Filter>
    </Library>
    <Library Include="..\src_dependency\bullet\lib\BulletDynamics_vs2010_debug.lib">
      <Filter>Libs\Bullet</Filter>
    </Library>
    <Library Include="..\src_dependency\bullet\lib\BulletSoftBody_vs2010_debug.lib">
      <Filter>Libs\Bullet</Filter>
    </Library>
    <Library Include="..\src_dependency\bullet\lib\LinearMath_vs2010_debug.lib">
      <Filter>Libs\Bullet</Filter>
    </Library>
    <Library Include="..\libs\CoreLib.lib">
      <Filter>Libs</Filter>
    </Library>
    <Library Include="..\libs\FrameworkLib.lib">
      <Filter>Libs</Filter>
    </Library>
    <Library Include="..\libs\OpenAL32.lib">
      <Filter>Libs</Filter>
    </Library>
    <Library Include="..\libs\jpeg.lib">
      <Filter>Libs</Filter>
    </Library>
    <Library Include="..\libs\libogg_static.lib">
      <Filter>Libs</Filter>
    </Library>
    <Library Include="..\libs\libpng.lib">
      <Filter>Libs</Filter>
    </Library>
    <Library Include="..\libs\libvorbis_static.lib">
      <Filter>Libs</Filter>
    </Library>
    <Library Include="..\libs\libvorbisfile_static.lib">
      <Filter>Libs</Filter>
    </Library>
    <Library Include="..\src_dependency\bullet\lib\Release\BulletCollision.lib">
      <Filter>Libs\Bullet</Filter>
    </Library>
    <Library Include="..\src_dependency\bullet\lib\Release\BulletDynamics.lib">
      <Filter>Libs\Bullet</Filter>
    </Library>
    <Library Include="..\src_dependency\bullet\lib\Release\BulletSoftBody.lib">
      <Filter>Libs\Bullet</Filter>
    </Library>
    <Library Include="..\src_dependency\bullet\lib\Release\LinearMath.lib">
      <Filter>Libs\Bullet</Filter>
    </Library>
  </ItemGroup>
  <ItemGroup>
    <None Include="Notes.txt" />
  </ItemGroup>
  <ItemGroup>
    <CustomBuildStep Include="..\public\Math\math_util.h">
      <Filter>Source Files\Math</Filter>
    </CustomBuildStep>
    <CustomBuildStep Include="sys_console.h">
      <Filter>Source Files\System</Filter>
    </CustomBuildStep>
    <CustomBuildStep Include="DebugOverlay.h">
      <Filter>Source Files\Renderer\Debug</Filter>
    </CustomBuildStep>
    <CustomBuildStep Include="..\public\IDebugOverlay.h">
      <Filter>Source Files\Renderer\Debug</Filter>
    </CustomBuildStep>
    <CustomBuildStep Include="Audio\alsnd_emitter.h">
      <Filter>Source Files\Audio\AL</Filter>
    </CustomBuildStep>
    <CustomBuildStep Include="Audio\alsnd_sample.h">
      <Filter>Source Files\Audio\AL</Filter>
    </CustomBuildStep>
    <CustomBuildStep Include="Audio\alsound_local.h">
      <Filter>Source Files\Audio\AL</Filter>
    </CustomBuildStep>
    <CustomBuildStep Include="Physics\DkBulletObject.h">
      <Filter>Source Files\Physics\Bullet</Filter>
    </CustomBuildStep>
    <CustomBuildStep Include="Physics\BulletConvert.h">
      <Filter>Source Files\Physics\Bullet</Filter>
    </CustomBuildStep>
    <CustomBuildStep Include="..\shared_engine\Audio\alsnd_ambient.h">
      <Filter>Source Files\Audio\AL</Filter>
    </CustomBuildStep>
  </ItemGroup>
</Project>