<?xml version="1.0" encoding="UTF-8" standalone="yes" ?>
<CodeBlocks_project_file>
	<FileVersion major="1" minor="6" />
	<Project>
		<Option title="matsys_wxapp_template" />
		<Option pch_mode="2" />
		<Option compiler="gcc" />
		<Build>
			<Target title="Debug Win32">
				<Option output="../../../gamebin_linux/matsys_wxapp_template" prefix_auto="1" extension_auto="1" />
				<Option type="0" />
				<Option compiler="gcc" />
				<Compiler>
					<Add option="-DWIN32" />
					<Add option="-D_DEBUG" />
					<Add option="-D_WINDOWS" />
					<Add option="-D_USRDLL" />
					<Add option="-DENGINE_EXPORT" />
					<Add option="-DPHYSICS_EXPORT" />
					<Add option="-DNO_GAME" />
					<Add option="-DNO_ENGINE" />
					<Add option="-DNOENGINE" />
				</Compiler>
				<Linker>
					<Add directory="../utils/wx/lib/vc_lib/" />
				</Linker>
			</Target>
			<Target title="Release Win32">
				<Option output="../../../gamebin_linux/matsys_wxapp_template" prefix_auto="1" extension_auto="1" />
				<Option working_dir="../../../gamebin_linux/" />
				<Option type="0" />
				<Option compiler="gcc" />
				<Compiler>
					<Add option="-O2" />
					<Add option="-g" />
					<Add option="-DLINUX" />
					<Add option="-DNDEBUG" />
					<Add option="-D_USRDLL" />
					<Add option="-DENGINE_EXPORT" />
					<Add option="-DPHYSICS_EXPORT" />
					<Add option="-DNO_GAME" />
					<Add option="-DNO_ENGINE" />
					<Add option="-DNOENGINE" />
					<Add option="-DEDITOR" />
				</Compiler>
			</Target>
		</Build>
		<Compiler>
			<Add option="-m32 `wx-config --cflags`" />
			<Add directory="../../FileSystem" />
			<Add directory="../../Engine" />
			<Add directory="../../public" />
			<Add directory="../../public/platform" />
			<Add directory="../../public/core" />
			<Add directory="../../public/materialsystem" />
			<Add directory="../../shared_engine" />
		</Compiler>
		<Linker>
			<Add option="`wx-config --libs` -leqCore" />
			<Add library="libcoreLib" />
			<Add library="libPrevLib" />
			<Add library="z" />
			<Add library="jpeg" />
			<Add directory="../../libs" />
		</Linker>
		<Unit filename="../../Engine/DebugOverlay.h" />
		<Unit filename="../../public/Font.h" />
		<Unit filename="../../public/TextureAtlas.h" />
		<Unit filename="../../public/ViewParams.cpp" />
		<Unit filename="../../public/ViewParams.h" />
		<Unit filename="../../public/math/math_util.cpp" />
		<Unit filename="../../public/math/math_util.h" />
		<Unit filename="../../shared_engine/DebugOverlay.cpp" />
		<Unit filename="../../shared_engine/DebugOverlay.h" />
		<Unit filename="../../shared_engine/Font.cpp" />
		<Unit filename="../../shared_engine/Font.h" />
		<Unit filename="MainWindow.cpp" />
		<Unit filename="MainWindow.h" />
		<Unit filename="windows/resource.h" />
		<Unit filename="wxui_header.h" />
		<Extensions>
			<code_completion />
			<debugger />
		</Extensions>
	</Project>
</CodeBlocks_project_file>
