<?xml version="1.0" encoding="utf-8"?>
<Project ToolsVersion="4.0" xmlns="http://schemas.microsoft.com/developer/msbuild/2003">
  <ItemGroup>
    <Filter Include="Libs">
      <UniqueIdentifier>{54b96b2f-ae9c-4b2b-a658-830aa6b004a4}</UniqueIdentifier>
    </Filter>
    <Filter Include="actc">
      <UniqueIdentifier>{88bda2d0-6f19-4236-a77c-c9386fd8769f}</UniqueIdentifier>
    </Filter>
    <Filter Include="public">
      <UniqueIdentifier>{cf09eb75-0b9c-4313-861f-5460454ea677}</UniqueIdentifier>
    </Filter>
    <Filter Include="public\math">
      <UniqueIdentifier>{7f5300e2-131c-4731-8216-9e4214a328cd}</UniqueIdentifier>
    </Filter>
    <Filter Include="public\utils">
      <UniqueIdentifier>{4FC737F1-C7A5-4376-A066-2A32D752A2FF}</UniqueIdentifier>
      <Extensions>
      </Extensions>
    </Filter>
    <Filter Include="public\egf">
      <UniqueIdentifier>{e8f58dbd-07ce-4429-87a3-c174f6371dd2}</UniqueIdentifier>
    </Filter>
  </ItemGroup>
  <ItemGroup>
    <ClCompile Include="egfca_main.cpp" />
    <ClCompile Include="..\..\public\Utils\GeomTools.cpp">
      <Filter>public\utils</Filter>
    </ClCompile>
    <ClCompile Include="..\..\public\math\math_util.cpp">
      <Filter>public\math</Filter>
    </ClCompile>
    <ClCompile Include="..\..\src_dependency\actc\tc.c">
      <Filter>actc</Filter>
    </ClCompile>
    <ClCompile Include="..\..\public\egf\dsm_esm_loader.cpp">
      <Filter>public\egf</Filter>
    </ClCompile>
    <ClCompile Include="..\..\public\egf\dsm_loader.cpp">
      <Filter>public\egf</Filter>
    </ClCompile>
    <ClCompile Include="..\..\public\egf\dsm_obj_loader.cpp">
      <Filter>public\egf</Filter>
    </ClCompile>
    <ClCompile Include="..\..\public\egf\EGFGenerator.cpp">
      <Filter>public\egf</Filter>
    </ClCompile>
    <ClCompile Include="..\..\public\egf\EGFGenerator_Write.cpp">
      <Filter>public\egf</Filter>
    </ClCompile>
    <ClCompile Include="..\..\public\egf\EGFPhysicsGenerator.cpp">
      <Filter>public\egf</Filter>
    </ClCompile>
    <ClCompile Include="..\..\public\utils\mtriangle_framework.cpp">
      <Filter>public\utils</Filter>
    </ClCompile>
  </ItemGroup>
  <ItemGroup>
    <ClInclude Include="..\..\public\Utils\GeomTools.h">
      <Filter>public\utils</Filter>
    </ClInclude>
    <ClInclude Include="..\..\src_dependency\actc\tc.h">
      <Filter>actc</Filter>
    </ClInclude>
    <ClInclude Include="..\..\public\egf\dsm_esm_loader.h">
      <Filter>public\egf</Filter>
    </ClInclude>
    <ClInclude Include="..\..\public\egf\dsm_loader.h">
      <Filter>public\egf</Filter>
    </ClInclude>
    <ClInclude Include="..\..\public\egf\dsm_obj_loader.h">
      <Filter>public\egf</Filter>
    </ClInclude>
    <ClInclude Include="..\..\public\egf\EGFGenerator.h">
      <Filter>public\egf</Filter>
    </ClInclude>
    <ClInclude Include="..\..\public\egf\EGFPhysicsGenerator.h">
      <Filter>public\egf</Filter>
    </ClInclude>
    <ClInclude Include="..\..\public\egf\model.h">
      <Filter>public\egf</Filter>
    </ClInclude>
    <ClInclude Include="..\..\public\egf\model_eq.h">
      <Filter>public\egf</Filter>
    </ClInclude>
    <ClInclude Include="..\..\public\egf\motionpackage.h">
      <Filter>public\egf</Filter>
    </ClInclude>
    <ClInclude Include="..\..\public\egf\physmodel.h">
      <Filter>public\egf</Filter>
    </ClInclude>
    <ClInclude Include="..\..\public\utils\mtriangle_framework.h">
      <Filter>public\utils</Filter>
    </ClInclude>
  </ItemGroup>
  <ItemGroup>
    <Library Include="..\..\src_dependency\bullet\bin\BulletCollision.lib">
      <Filter>Libs</Filter>
    </Library>
    <Library Include="..\..\src_dependency\bullet\bin\LinearMath.lib">
      <Filter>Libs</Filter>
    </Library>
  </ItemGroup>
</Project>