<?xml version="1.0" encoding="utf-8"?>
<Project ToolsVersion="4.0" xmlns="http://schemas.microsoft.com/developer/msbuild/2003">
  <ItemGroup>
    <Filter Include="Source Files">
      <UniqueIdentifier>{4FC737F1-C7A5-4376-A066-2A32D752A2FF}</UniqueIdentifier>
      <Extensions>cpp;c;cc;cxx;def;odl;idl;hpj;bat;asm;asmx</Extensions>
    </Filter>
    <Filter Include="Source Files\Renderer">
      <UniqueIdentifier>{e63d7020-0333-4037-9b0a-a5cf9d8317d2}</UniqueIdentifier>
    </Filter>
    <Filter Include="Source Files\Renderer\Interfaces">
      <UniqueIdentifier>{9635f6f6-0166-43a5-8cd2-540875ddd68a}</UniqueIdentifier>
    </Filter>
    <Filter Include="Source Files\Renderer\OpenGL">
      <UniqueIdentifier>{551df9a5-9424-41f2-9070-e3a92486fc00}</UniqueIdentifier>
    </Filter>
    <Filter Include="Source Files\Imaging">
      <UniqueIdentifier>{43b703c6-e114-42a7-b4ce-2afe1be15b4b}</UniqueIdentifier>
    </Filter>
    <Filter Include="Source Files\Utils">
      <UniqueIdentifier>{f0b34a09-5e6e-4a18-be43-1a581985c5b6}</UniqueIdentifier>
    </Filter>
    <Filter Include="Header Files">
      <UniqueIdentifier>{93995380-89BD-4b04-88EB-625FBE52EBFB}</UniqueIdentifier>
      <Extensions>h;hpp;hxx;hm;inl;inc;xsd</Extensions>
    </Filter>
    <Filter Include="Libs">
      <UniqueIdentifier>{79bb0e76-d26a-4852-805c-9770c0cb7c48}</UniqueIdentifier>
    </Filter>
    <Filter Include="Resource Files">
      <UniqueIdentifier>{67DA6AB6-F800-4c08-8B7A-83BB121AAD01}</UniqueIdentifier>
      <Extensions>rc;ico;cur;bmp;dlg;rc2;rct;bin;rgs;gif;jpg;jpeg;jpe;resx;tiff;tif;png;wav</Extensions>
    </Filter>
    <Filter Include="Source Files\Shared">
      <UniqueIdentifier>{710638e3-99d4-40f5-8fd1-b177fc6bc21d}</UniqueIdentifier>
    </Filter>
  </ItemGroup>
  <ItemGroup>
    <ClCompile Include="GL\CGLRenderLib.cpp">
      <Filter>Source Files\Renderer\OpenGL</Filter>
    </ClCompile>
    <ClCompile Include="GL\CGLTexture.cpp">
      <Filter>Source Files\Renderer\OpenGL</Filter>
    </ClCompile>
    <ClCompile Include="GL\IndexBufferGL.cpp">
      <Filter>Source Files\Renderer\OpenGL</Filter>
    </ClCompile>
    <ClCompile Include="GL\ShaderAPIGL.cpp">
      <Filter>Source Files\Renderer\OpenGL</Filter>
    </ClCompile>
    <ClCompile Include="GL\VertexBufferGL.cpp">
      <Filter>Source Files\Renderer\OpenGL</Filter>
    </ClCompile>
    <ClCompile Include="GL\VertexFormatGL.cpp">
      <Filter>Source Files\Renderer\OpenGL</Filter>
    </ClCompile>
    <ClCompile Include="GL\GLShaderProgram.cpp">
      <Filter>Source Files\Renderer\OpenGL</Filter>
    </ClCompile>
    <ClCompile Include="GL\GLOcclusionQuery.cpp">
      <Filter>Source Files\Renderer\OpenGL</Filter>
    </ClCompile>
    <ClCompile Include="GL\wgl_caps.cpp">
      <Filter>Source Files\Renderer\OpenGL</Filter>
    </ClCompile>
    <ClCompile Include="GL\gl_loader.cpp">
      <Filter>Source Files\Renderer\OpenGL</Filter>
    </ClCompile>
    <ClCompile Include="Shared\ShaderAPIMain.cpp">
      <Filter>Source Files</Filter>
    </ClCompile>
    <ClCompile Include="Shared\CTexture.cpp">
      <Filter>Source Files\Shared</Filter>
    </ClCompile>
    <ClCompile Include="Shared\ShaderAPI_Base.cpp">
      <Filter>Source Files\Shared</Filter>
    </ClCompile>
    <ClCompile Include="GL\glad_es3.c">
      <Filter>Source Files\Renderer\OpenGL</Filter>
    </ClCompile>
    <ClCompile Include="GL\glad.c">
      <Filter>Source Files\Renderer\OpenGL</Filter>
    </ClCompile>
  </ItemGroup>
  <ItemGroup>
    <ClInclude Include="..\public\Renderer\IShaderAPI.h">
      <Filter>Source Files\Renderer\Interfaces</Filter>
    </ClInclude>
    <ClInclude Include="..\public\Renderer\IShaderProgram.h">
      <Filter>Source Files\Renderer\Interfaces</Filter>
    </ClInclude>
    <ClInclude Include="..\public\Renderer\renderer_def.h">
      <Filter>Source Files\Renderer\Interfaces</Filter>
    </ClInclude>
    <ClInclude Include="GL\IndexBufferGL.h">
      <Filter>Source Files\Renderer\OpenGL</Filter>
    </ClInclude>
    <ClInclude Include="GL\ShaderAPIGL.h">
      <Filter>Source Files\Renderer\OpenGL</Filter>
    </ClInclude>
    <ClInclude Include="GL\shaderapigl_def.h">
      <Filter>Source Files\Renderer\OpenGL</Filter>
    </ClInclude>
    <ClInclude Include="GL\VertexBufferGL.h">
      <Filter>Source Files\Renderer\OpenGL</Filter>
    </ClInclude>
    <ClInclude Include="GL\VertexFormatGL.h">
      <Filter>Source Files\Renderer\OpenGL</Filter>
    </ClInclude>
    <ClInclude Include="..\Engine\Imaging\jconfig.h">
      <Filter>Source Files\Imaging</Filter>
    </ClInclude>
    <ClInclude Include="..\Engine\Imaging\jmorecfg.h">
      <Filter>Source Files\Imaging</Filter>
    </ClInclude>
    <ClInclude Include="..\Engine\Imaging\jpeglib.h">
      <Filter>Source Files\Imaging</Filter>
    </ClInclude>
    <ClInclude Include="..\Engine\Imaging\PixWriter.h">
      <Filter>Source Files\Imaging</Filter>
    </ClInclude>
    <ClInclude Include="..\Engine\Imaging\zconf.h">
      <Filter>Source Files\Imaging</Filter>
    </ClInclude>
    <ClInclude Include="..\Engine\Imaging\zlib.h">
      <Filter>Source Files\Imaging</Filter>
    </ClInclude>
    <ClInclude Include="resource.h">
      <Filter>Resource Files</Filter>
    </ClInclude>
    <ClInclude Include="GL\GLRenderState.h">
      <Filter>Source Files\Renderer\OpenGL</Filter>
    </ClInclude>
    <ClInclude Include="GL\GLShaderProgram.h">
      <Filter>Source Files\Renderer\OpenGL</Filter>
    </ClInclude>
    <ClInclude Include="GL\GLOcclusionQuery.h">
      <Filter>Source Files\Renderer\OpenGL</Filter>
    </ClInclude>
    <ClInclude Include="GL\wgl_caps.hpp">
      <Filter>Source Files\Renderer\OpenGL</Filter>
    </ClInclude>
    <ClInclude Include="GL\gl_loader.h">
      <Filter>Source Files\Renderer\OpenGL</Filter>
    </ClInclude>
    <ClInclude Include="GL\glad.h">
      <Filter>Source Files\Renderer\OpenGL</Filter>
    </ClInclude>
    <ClInclude Include="GL\glad_es3.h">
      <Filter>Source Files\Renderer\OpenGL</Filter>
    </ClInclude>
    <ClInclude Include="Shared\CTexture.h">
      <Filter>Source Files\Shared</Filter>
    </ClInclude>
    <ClInclude Include="Shared\IRenderLibrary.h">
      <Filter>Source Files\Shared</Filter>
    </ClInclude>
    <ClInclude Include="Shared\ShaderAPI_Base.h">
      <Filter>Source Files\Shared</Filter>
    </ClInclude>
    <ClInclude Include="..\..\public\materialsystem1\Renderers\IIndexBuffer.h">
      <Filter>Header Files</Filter>
    </ClInclude>
    <ClInclude Include="..\..\public\materialsystem1\Renderers\IVertexBuffer.h">
      <Filter>Header Files</Filter>
    </ClInclude>
    <ClInclude Include="..\..\public\materialsystem1\Renderers\IVertexFormat.h">
      <Filter>Header Files</Filter>
    </ClInclude>
  </ItemGroup>
  <ItemGroup>
    <ResourceCompile Include="Resources.rc">
      <Filter>Resource Files</Filter>
    </ResourceCompile>
  </ItemGroup>
  <ItemGroup>
    <CustomBuildStep Include="GL\CGLRenderLib.h">
      <Filter>Source Files\Renderer\OpenGL</Filter>
    </CustomBuildStep>
    <CustomBuildStep Include="GL\CGLTexture.h">
      <Filter>Source Files\Renderer\OpenGL</Filter>
    </CustomBuildStep>
  </ItemGroup>
  <ItemGroup>
    <Library Include="..\..\src_dependency\jpeg\lib\jpeg.lib">
      <Filter>Libs</Filter>
    </Library>
  </ItemGroup>
</Project>