<?xml version="1.0" encoding="UTF-8" standalone="yes" ?>
<CodeBlocks_project_file>
	<FileVersion major="1" minor="6" />
	<Project>
		<Option title="eqCore" />
		<Option pch_mode="2" />
		<Option compiler="gcc" />
		<Build>
			<Target title="Release Win32">
				<Option output="../../gamebin_linux/eqCore" imp_lib="$(TARGET_OUTPUT_DIR)$(TARGET_OUTPUT_BASENAME).a" def_file="$(TARGET_OUTPUT_DIR)$(TARGET_OUTPUT_BASENAME).def" prefix_auto="1" extension_auto="1" />
				<Option type="3" />
				<Option compiler="gcc" />
				<Compiler>
					<Add option="-O2" />
					<Add option="-g" />
					<Add option="-DLINUX" />
					<Add option="-DNDEBUG" />
					<Add option="-D_USRDLL" />
					<Add option="-DCORE_EXPORT" />
					<Add option="-DDLL_EXPORT" />
					<Add option="-DSUPRESS_DEVMESSAGES" />
					<Add option="-DUSECRTMEMDEBUG" />
					<Add option="-D_CRT_SECURE_NO_WARNINGS" />
					<Add option="-D_CRT_SECURE_NO_DEPRECATE" />
				</Compiler>
			</Target>
			<Target title="Debug Win32">
				<Option output="eqCore" imp_lib="$(TARGET_OUTPUT_DIR)$(TARGET_OUTPUT_BASENAME).a" def_file="$(TARGET_OUTPUT_DIR)$(TARGET_OUTPUT_BASENAME).def" prefix_auto="1" extension_auto="1" />
				<Option type="3" />
				<Option compiler="gcc" />
				<Option createStaticLib="1" />
				<Compiler>
					<Add option="-m32" />
					<Add option="-DWIN32" />
					<Add option="-D_DEBUG" />
					<Add option="-D_WINDOWS" />
					<Add option="-D_USRDLL" />
					<Add option="-DCORE_EXPORT" />
					<Add option="-DDLL_EXPORT" />
					<Add option="-DSUPRESS_DEVMESSAGES" />
					<Add option="-DUSECRTMEMDEBUG" />
					<Add option="-D_CRT_SECURE_NO_WARNINGS" />
					<Add option="-D_CRT_SECURE_NO_DEPRECATE" />
				</Compiler>
			</Target>
		</Build>
		<Compiler>
			<Add option="-m32" />
			<Add directory="../FileSystem" />
			<Add directory="../Engine/Imaging" />
			<Add directory="../Engine" />
			<Add directory="../public" />
			<Add directory="../public/core" />
			<Add directory="../public/platform" />
		</Compiler>
		<Linker>
			<Add library="../libs/libcoreLib.a" />
			<Add library="../libs/libPrevLib.a" />
			<Add library="z" />
			<Add library="dl" />
		</Linker>
		<Unit filename="CmdLineParser.cpp" />
		<Unit filename="CommandAccessor.cpp" />
		<Unit filename="ConCommandFactory.cpp" />
		<Unit filename="CoreVersion.cpp" />
		<Unit filename="DPKFileReader.cpp" />
		<Unit filename="DPKFileWriter.cpp" />
		<Unit filename="DkCore.cpp" />
		<Unit filename="ExceptionHandler.cpp" />
		<Unit filename="FileSystem.cpp" />
		<Unit filename="Localize.cpp" />
		<Unit filename="debuginterface.cpp" />
		<Unit filename="eqCPUServices.cpp" />
		<Unit filename="eqCPUServices.h" />
		<Unit filename="ppmem.cpp" />
		<Extensions>
			<code_completion />
			<debugger />
		</Extensions>
	</Project>
</CodeBlocks_project_file>
