<?xml version="1.0" encoding="utf-8"?>
<Project ToolsVersion="4.0" xmlns="http://schemas.microsoft.com/developer/msbuild/2003">
  <ItemGroup>
    <Filter Include="Source Files">
      <UniqueIdentifier>{4FC737F1-C7A5-4376-A066-2A32D752A2FF}</UniqueIdentifier>
      <Extensions>cpp;c;cc;cxx;def;odl;idl;hpj;bat;asm;asmx</Extensions>
    </Filter>
    <Filter Include="Source Files\Console">
      <UniqueIdentifier>{9706d46b-406a-4f3b-bab3-701a4c1586b3}</UniqueIdentifier>
    </Filter>
    <Filter Include="Source Files\Command Line">
      <UniqueIdentifier>{61b1f234-b494-4869-82d6-d3ef2f191514}</UniqueIdentifier>
    </Filter>
    <Filter Include="Source Files\Debug">
      <UniqueIdentifier>{7ba31e12-dc05-4efd-b83c-35ffd801d9c6}</UniqueIdentifier>
    </Filter>
    <Filter Include="Source Files\FileSystem">
      <UniqueIdentifier>{0819648c-f5af-45b1-b57b-adef1b83e927}</UniqueIdentifier>
    </Filter>
    <Filter Include="Source Files\Localizer">
      <UniqueIdentifier>{d54f24f0-cdb1-46f9-bbab-f66cff85b0a5}</UniqueIdentifier>
    </Filter>
    <Filter Include="Source Files\Memory">
      <UniqueIdentifier>{73cf0913-57ff-4971-9efe-b34a4193d9b7}</UniqueIdentifier>
    </Filter>
    <Filter Include="Header Files">
      <UniqueIdentifier>{93995380-89BD-4b04-88EB-625FBE52EBFB}</UniqueIdentifier>
      <Extensions>h;hpp;hxx;hm;inl;inc;xsd</Extensions>
    </Filter>
    <Filter Include="Libs">
      <UniqueIdentifier>{7602a030-6a70-44ff-9efc-fb20fc57d186}</UniqueIdentifier>
    </Filter>
    <Filter Include="Resource Files">
      <UniqueIdentifier>{67DA6AB6-F800-4c08-8B7A-83BB121AAD01}</UniqueIdentifier>
      <Extensions>rc;ico;cur;bmp;dlg;rc2;rct;bin;rgs;gif;jpg;jpeg;jpe;resx;tiff;tif;png;wav</Extensions>
    </Filter>
    <Filter Include="Source Files\CPU">
      <UniqueIdentifier>{cfdb1d12-3d79-4baa-bae9-efd20d511aa8}</UniqueIdentifier>
    </Filter>
    <Filter Include="Source Files\FileSystem\minizip">
      <UniqueIdentifier>{25b2afa5-f9bc-4633-8c40-9216c56f3a84}</UniqueIdentifier>
    </Filter>
  </ItemGroup>
  <ItemGroup>
    <ClCompile Include="CoreVersion.cpp">
      <Filter>Source Files</Filter>
    </ClCompile>
    <ClCompile Include="DkCore.cpp">
      <Filter>Source Files</Filter>
    </ClCompile>
    <ClCompile Include="ExceptionHandler.cpp">
      <Filter>Source Files</Filter>
    </ClCompile>
    <ClCompile Include="ConCommandFactory.cpp">
      <Filter>Source Files\Console</Filter>
    </ClCompile>
    <ClCompile Include="CmdLineParser.cpp">
      <Filter>Source Files\Command Line</Filter>
    </ClCompile>
    <ClCompile Include="DebugInterface.cpp">
      <Filter>Source Files\Debug</Filter>
    </ClCompile>
    <ClCompile Include="Localize.cpp">
      <Filter>Source Files\Localizer</Filter>
    </ClCompile>
    <ClCompile Include="ppmem.cpp">
      <Filter>Source Files\Memory</Filter>
    </ClCompile>
    <ClCompile Include="FileSystem.cpp">
      <Filter>Source Files\FileSystem</Filter>
    </ClCompile>
    <ClCompile Include="DPKFileReader.cpp">
      <Filter>Source Files\FileSystem</Filter>
    </ClCompile>
    <ClCompile Include="eqCPUServices.cpp">
      <Filter>Source Files\CPU</Filter>
    </ClCompile>
    <ClCompile Include="platform\MessageBox.cpp">
      <Filter>Source Files</Filter>
    </ClCompile>
    <ClCompile Include="platform\Platform.cpp">
      <Filter>Source Files</Filter>
    </ClCompile>
    <ClCompile Include="ZipFileReader.cpp">
      <Filter>Source Files\FileSystem</Filter>
    </ClCompile>
    <ClCompile Include="minizip\ioapi.c">
      <Filter>Source Files\FileSystem\minizip</Filter>
    </ClCompile>
    <ClCompile Include="minizip\unzip.c">
      <Filter>Source Files\FileSystem\minizip</Filter>
    </ClCompile>
  </ItemGroup>
  <ItemGroup>
    <ClInclude Include="Localize.h">
      <Filter>Source Files\Localizer</Filter>
    </ClInclude>
    <ClInclude Include="CmdLineParser.h">
      <Filter>Header Files</Filter>
    </ClInclude>
    <ClInclude Include="ExceptionHandler.h">
      <Filter>Header Files</Filter>
    </ClInclude>
    <ClInclude Include="..\public\ICmdLineParser.h">
      <Filter>Header Files</Filter>
    </ClInclude>
    <ClInclude Include="..\public\ICommandAccessor.h">
      <Filter>Header Files</Filter>
    </ClInclude>
    <ClInclude Include="..\public\IConCommandFactory.h">
      <Filter>Header Files</Filter>
    </ClInclude>
    <ClInclude Include="..\public\InterfaceManager.h">
      <Filter>Header Files</Filter>
    </ClInclude>
    <ClInclude Include="..\public\Platform\Platform.h">
      <Filter>Header Files</Filter>
    </ClInclude>
    <ClInclude Include="..\public\Utils\String.h">
      <Filter>Header Files</Filter>
    </ClInclude>
    <ClInclude Include="..\public\Utils\strtools.h">
      <Filter>Header Files</Filter>
    </ClInclude>
    <ClInclude Include="resource.h">
      <Filter>Resource Files</Filter>
    </ClInclude>
    <ClInclude Include="FileSystem.h">
      <Filter>Source Files\FileSystem</Filter>
    </ClInclude>
    <ClInclude Include="..\public\DebugInterface.h">
      <Filter>Source Files\Debug</Filter>
    </ClInclude>
    <ClInclude Include="..\public\IDkCore.h">
      <Filter>Source Files</Filter>
    </ClInclude>
    <ClInclude Include="CoreVersion.h">
      <Filter>Source Files</Filter>
    </ClInclude>
    <ClInclude Include="..\public\core_base_header.h">
      <Filter>Source Files</Filter>
    </ClInclude>
    <ClInclude Include="ConCommandFactory.h">
      <Filter>Source Files\Console</Filter>
    </ClInclude>
    <ClInclude Include="DkCore.h">
      <Filter>Source Files</Filter>
    </ClInclude>
    <ClInclude Include="..\public\core_interface_expose.h">
      <Filter>Source Files</Filter>
    </ClInclude>
    <ClInclude Include="DPKFileReader.h">
      <Filter>Source Files\FileSystem</Filter>
    </ClInclude>
    <ClInclude Include="..\public\core\cpuInstrDefs.h">
      <Filter>Header Files</Filter>
    </ClInclude>
    <ClInclude Include="..\public\core\IEqCPUServices.h">
      <Filter>Source Files\CPU</Filter>
    </ClInclude>
    <ClInclude Include="eqCPUServices.h">
      <Filter>Source Files\CPU</Filter>
    </ClInclude>
    <ClInclude Include="minizip\ioapi.h">
      <Filter>Source Files\FileSystem\minizip</Filter>
    </ClInclude>
    <ClInclude Include="minizip\unzip.h">
      <Filter>Source Files\FileSystem\minizip</Filter>
    </ClInclude>
    <ClInclude Include="ZipFileReader.h">
      <Filter>Source Files\FileSystem</Filter>
    </ClInclude>
    <ClInclude Include="BasePackageFileReader.h">
      <Filter>Source Files\FileSystem</Filter>
    </ClInclude>
  </ItemGroup>
  <ItemGroup>
    <ResourceCompile Include="Resources.rc">
      <Filter>Resource Files</Filter>
    </ResourceCompile>
  </ItemGroup>
  <ItemGroup>
    <Library Include="..\src_dependency\zlib\contrib\vstudio\vc14\x86\ZlibStatReleaseWithoutAsm\zlibstat.lib">
      <Filter>Libs</Filter>
    </Library>
  </ItemGroup>
</Project>