<?xml version="1.0" encoding="UTF-8" standalone="yes" ?>
<CodeBlocks_project_file>
	<FileVersion major="1" minor="6" />
	<Project>
		<Option title="DkCore" />
		<Option pch_mode="2" />
		<Option compiler="gcc" />
		<Build>
			<Target title="Release Win32">
				<Option output="Editor" prefix_auto="1" extension_auto="1" />
				<Option type="0" />
				<Option compiler="gcc" />
				<Compiler>
					<Add option="-DWIN32" />
					<Add option="-DNDEBUG" />
					<Add option="-D_WINDOWS" />
					<Add option="-D_USRDLL" />
					<Add option="-DENGINE_EXPORT" />
					<Add option="-DPHYSICS_EXPORT" />
					<Add option="-DEDITOR" />
					<Add option="-DNO_ENGINE" />
					<Add option="-D_CRT_SECURE_NO_WARNINGS" />
					<Add option="-D_CRT_SECURE_NO_DEPRECATE" />
					<Add directory="../Game" />
					<Add directory="../FileSystem" />
					<Add directory="../Engine" />
					<Add directory="../public" />
					<Add directory="../public/platform" />
					<Add directory="../src_dependency/bullet/src" />
					<Add directory="../src_dependency/bullet/src/BulletSoftBody" />
					<Add directory="../utils/eq_physgen" />
					<Add directory="../src_dependency/wx/include" />
					<Add directory="../src_dependency/wx/include/msvc" />
					<Add directory="../src_dependency/sdl2/include" />
				</Compiler>
				<Linker>
					<Add library="user32.lib" />
					<Add library="comctl32.lib" />
					<Add library="winmm.lib" />
					<Add directory="../src_dependency/wx/lib/vc_lib/" />
				</Linker>
			</Target>
			<Target title="Debug Win32">
				<Option output="Editor" prefix_auto="1" extension_auto="1" />
				<Option type="0" />
				<Option compiler="gcc" />
				<Compiler>
					<Add option="-DWIN32" />
					<Add option="-D_DEBUG" />
					<Add option="-D_WINDOWS" />
					<Add option="-D_USRDLL" />
					<Add option="-DENGINE_EXPORT" />
					<Add option="-DPHYSICS_EXPORT" />
					<Add option="-DEDITOR" />
					<Add option="-DNO_ENGINE" />
					<Add option="-D_CRT_SECURE_NO_WARNINGS" />
					<Add option="-D_CRT_SECURE_NO_DEPRECATE" />
					<Add option="-DNDEBUG" />
					<Add directory="../Game" />
					<Add directory="../FileSystem" />
					<Add directory="../Engine" />
					<Add directory="../public" />
					<Add directory="../public/platform" />
					<Add directory="../Physics/bullet/src" />
					<Add directory="../Physics/bullet/src/BulletSoftBody" />
					<Add directory="../utils/eq_physgen" />
					<Add directory="../utils/wx/include" />
					<Add directory="../utils/wx/include/msvc" />
				</Compiler>
				<Linker>
					<Add library="user32.lib" />
					<Add library="comctl32.lib" />
					<Add library="winmm.lib" />
					<Add directory="../utils/wx/lib/vc_lib/" />
				</Linker>
			</Target>
		</Build>
		<Unit filename="../Engine/Audio/alsnd_ambient.cpp" />
		<Unit filename="../Engine/Audio/alsnd_ambient.h" />
		<Unit filename="../Engine/Audio/alsnd_emitter.cpp" />
		<Unit filename="../Engine/Audio/alsnd_emitter.h" />
		<Unit filename="../Engine/Audio/alsnd_sample.cpp" />
		<Unit filename="../Engine/Audio/alsnd_sample.h" />
		<Unit filename="../Engine/Audio/alsound_local.cpp" />
		<Unit filename="../Engine/Audio/alsound_local.h" />
		<Unit filename="../Engine/Audio/soundzero.cpp" />
		<Unit filename="../Engine/Audio/soundzero.h" />
		<Unit filename="../Engine/DebugOverlay.cpp" />
		<Unit filename="../Engine/DebugOverlay.h" />
		<Unit filename="../Engine/EngineModelLoader.h" />
		<Unit filename="../Engine/ViewRenderer.cpp" />
		<Unit filename="../Engine/ViewRenderer.h" />
		<Unit filename="../Engine/modelloader_shared.cpp" />
		<Unit filename="../Engine/modelloader_shared.h" />
		<Unit filename="../Engine/studio_egf.cpp" />
		<Unit filename="../Engine/studio_egf.h" />
		<Unit filename="../FileSystem/fs_module.h" />
		<Unit filename="../public/BaseRenderableObject.cpp" />
		<Unit filename="../public/BaseRenderableObject.h" />
		<Unit filename="../public/BaseShader.cpp" />
		<Unit filename="../public/BaseShader.h" />
		<Unit filename="../public/BoneSetup.cpp" />
		<Unit filename="../public/BoneSetup.h" />
		<Unit filename="../public/CPU.h" />
		<Unit filename="../public/CharSet.h" />
		<Unit filename="../public/ConCommand.cpp" />
		<Unit filename="../public/ConCommand.h" />
		<Unit filename="../public/ConCommandBase.cpp" />
		<Unit filename="../public/ConCommandBase.h" />
		<Unit filename="../public/ConVar.cpp" />
		<Unit filename="../public/ConVar.h" />
		<Unit filename="../public/DebugInterface.h" />
		<Unit filename="../public/Font.cpp" />
		<Unit filename="../public/Font.h" />
		<Unit filename="../public/GameSoundEmitterSystem.cpp" />
		<Unit filename="../public/GameSoundEmitterSystem.h" />
		<Unit filename="../public/ICmdLineParser.h" />
		<Unit filename="../public/ICommandAccessor.h" />
		<Unit filename="../public/IConCommandFactory.h" />
		<Unit filename="../public/IDkCore.h" />
		<Unit filename="../public/IFileSystem.h" />
		<Unit filename="../public/IIniFile.h" />
		<Unit filename="../public/IMaterial.h" />
		<Unit filename="../public/IMaterialSystem.h" />
		<Unit filename="../public/IMeshBuilder.h" />
		<Unit filename="../public/IRenderer.h" />
		<Unit filename="../public/IShader.h" />
		<Unit filename="../public/IVirtualStream.h" />
		<Unit filename="../public/InterfaceManager.h" />
		<Unit filename="../public/KeyValues.h" />
		<Unit filename="../public/Math/DkMath.h" />
		<Unit filename="../public/Math/MathTools.h" />
		<Unit filename="../public/Math/Matrix.h" />
		<Unit filename="../public/Math/Quaternion.h" />
		<Unit filename="../public/Math/Random.h" />
		<Unit filename="../public/Math/Vector.h" />
		<Unit filename="../public/Math/Volume.h" />
		<Unit filename="../public/Math/math_util.cpp" />
		<Unit filename="../public/Math/math_util.h" />
		<Unit filename="../public/Platform/Platform.h" />
		<Unit filename="../public/RenderList.cpp" />
		<Unit filename="../public/RenderList.h" />
		<Unit filename="../public/Utils/Align.h" />
		<Unit filename="../public/Utils/DkLinkedList.h" />
		<Unit filename="../public/Utils/DkList.h" />
		<Unit filename="../public/Utils/DkStr.h" />
		<Unit filename="../public/Utils/GeomTools.cpp" />
		<Unit filename="../public/Utils/GeomTools.h" />
		<Unit filename="../public/Utils/Queue.h" />
		<Unit filename="../public/Utils/String.h" />
		<Unit filename="../public/Utils/Thread.h" />
		<Unit filename="../public/Utils/TimeMeasure.h" />
		<Unit filename="../public/Utils/strtools.h" />
		<Unit filename="../public/ViewParams.cpp" />
		<Unit filename="../public/ViewParams.h" />
		<Unit filename="../public/anim_activity.cpp" />
		<Unit filename="../public/anim_activity.h" />
		<Unit filename="../public/anim_defs.h" />
		<Unit filename="../public/anim_events.cpp" />
		<Unit filename="../public/anim_events.h" />
		<Unit filename="../public/animation_shared.h" />
		<Unit filename="../public/animationfile.h" />
		<Unit filename="../public/cmd_pacifier.cpp" />
		<Unit filename="../public/consolenode.h" />
		<Unit filename="../public/core_base_header.h" />
		<Unit filename="../public/dsm_esm_loader.cpp" />
		<Unit filename="../public/dsm_esm_loader.h" />
		<Unit filename="../public/dsm_loader.cpp" />
		<Unit filename="../public/dsm_loader.h" />
		<Unit filename="../public/dsm_obj_loader.cpp" />
		<Unit filename="../public/dsm_obj_loader.h" />
		<Unit filename="../public/mtriangle_framework.cpp" />
		<Unit filename="../public/mtriangle_framework.h" />
		<Unit filename="../utils/eq_physgen/physgen_process.h" />
		<Unit filename="../utils/eq_physgen/scriptcompile.h" />
		<Unit filename="../utils/wx/include/wx/msw/wx.rc" />
		<Unit filename="BaseEditableObject.cpp" />
		<Unit filename="BaseEditableObject.h" />
		<Unit filename="BlockTool.cpp" />
		<Unit filename="BlockTool.h" />
		<Unit filename="BrushWinding.cpp" />
		<Unit filename="BuildOptionsDialog.cpp" />
		<Unit filename="BuildOptionsDialog.h" />
		<Unit filename="ClipperTool.cpp" />
		<Unit filename="ClipperTool.h" />
		<Unit filename="CommandAccessor.h" />
		<Unit filename="ConCommandFactory.h" />
		<Unit filename="DCRender2D.cpp" />
		<Unit filename="DCRender2D.h" />
		<Unit filename="DecalTool.cpp" />
		<Unit filename="DecalTool.h" />
		<Unit filename="DkCore.h" />
		<Unit filename="EditableDecal.cpp" />
		<Unit filename="EditableDecal.h" />
		<Unit filename="EditableEntity.cpp" />
		<Unit filename="EditableEntity.h" />
		<Unit filename="EditableEntityParameters.cpp" />
		<Unit filename="EditableEntityParameters.h" />
		<Unit filename="EditableSurface.cpp" />
		<Unit filename="EditableSurface.h" />
		<Unit filename="EditorCamera.cpp" />
		<Unit filename="EditorCamera.h" />
		<Unit filename="EditorFlatColor.cpp" />
		<Unit filename="EditorHeader.h" />
		<Unit filename="EditorLevel.cpp" />
		<Unit filename="EditorLevel.h" />
		<Unit filename="EditorMainFrame.cpp" />
		<Unit filename="EditorMainFrame.h" />
		<Unit filename="EditorSettings.h" />
		<Unit filename="EditorVersion.h" />
		<Unit filename="EntityDef.cpp" />
		<Unit filename="EntityDef.h" />
		<Unit filename="EntityList.cpp" />
		<Unit filename="EntityList.h" />
		<Unit filename="EntityProperties.cpp" />
		<Unit filename="EntityProperties.h" />
		<Unit filename="EntityTool.cpp" />
		<Unit filename="EntityTool.h" />
		<Unit filename="EqBrush.cpp" />
		<Unit filename="EqBrush.h" />
		<Unit filename="ExceptionHandler.h" />
		<Unit filename="GroupEditable.cpp" />
		<Unit filename="GroupEditable.h" />
		<Unit filename="LayerPanel.cpp" />
		<Unit filename="LayerPanel.h" />
		<Unit filename="LoadLevelDialog.cpp" />
		<Unit filename="LoadLevelDialog.h" />
		<Unit filename="MaterialListFrame.cpp" />
		<Unit filename="MaterialListFrame.h" />
		<Unit filename="MultiComparator.h" />
		<Unit filename="Notes.txt" />
		<Unit filename="OptionsDialog.cpp" />
		<Unit filename="OptionsDialog.h" />
		<Unit filename="RenderWindows.cpp" />
		<Unit filename="RenderWindows.h" />
		<Unit filename="SelectionEditor.cpp" />
		<Unit filename="SelectionEditor.h" />
		<Unit filename="SoundList.cpp" />
		<Unit filename="SoundList.h" />
		<Unit filename="SurfaceDialog.cpp" />
		<Unit filename="SurfaceDialog.h" />
		<Unit filename="TerrainPatchTool.cpp" />
		<Unit filename="TerrainPatchTool.h" />
		<Unit filename="TransformSelectionDialog.cpp" />
		<Unit filename="TransformSelectionDialog.h" />
		<Unit filename="UndoObserver.cpp" />
		<Unit filename="UndoObserver.h" />
		<Unit filename="VertexTool.cpp" />
		<Unit filename="VertexTool.h" />
		<Unit filename="editor_config.h" />
		<Unit filename="grid.cpp" />
		<Unit filename="grid.h" />
		<Unit filename="main.cpp" />
		<Unit filename="splashscreen.bmp" />
		<Unit filename="windows/Resources.rc" />
		<Unit filename="windows/bitmap1.bmp" />
		<Unit filename="windows/mainicon.ico" />
		<Unit filename="windows/resource.h" />
		<Unit filename="windows/splashscreen.bmp" />
		<Unit filename="windows/toolbar1.bmp" />
		<Unit filename="wxFourWaySplitter.cpp" />
		<Unit filename="wxFourWaySplitter.h" />
		<Unit filename="wx_inc.h" />
		<Extensions>
			<code_completion />
			<debugger />
		</Extensions>
	</Project>
</CodeBlocks_project_file>
