<?xml version="1.0" encoding="UTF-8" standalone="yes" ?>
<CodeBlocks_project_file>
	<FileVersion major="1" minor="6" />
	<Project>
		<Option title="DkCore" />
		<Option pch_mode="2" />
		<Option compiler="gcc" />
		<Build>
			<Target title="Release Win32">
				<Option output="OpenGLRenderer_vc10" prefix_auto="1" extension_auto="1" />
				<Option type="0" />
				<Option compiler="gcc" />
				<Compiler>
					<Add option="-DWIN32" />
					<Add option="-DNDEBUG" />
					<Add option="-D_WINDOWS" />
					<Add option="-D_USRDLL" />
					<Add option="-DCORE_EXPORT" />
					<Add option="-DDLL_EXPORT" />
					<Add option="-D_CRT_SECURE_NO_DEPRECATE" />
					<Add option="-DSUPRESS_DEVMESSAGES" />
					<Add option="-DUSECRTMEMDEBUG" />
					<Add option="-DRENDER_EXPORT" />
					<Add directory="../../FileSystem" />
					<Add directory="../../Engine" />
					<Add directory="../../public" />
					<Add directory="../../public/platform" />
					<Add directory="../../public/renderers" />
					<Add directory="../../src_dependency/sdl2/include" />
				</Compiler>
				<Linker>
					<Add library="OpenGL32.lib" />
				</Linker>
			</Target>
			<Target title="Debug Win32">
				<Option output="OpenGLRenderer_vc10" prefix_auto="1" extension_auto="1" />
				<Option type="0" />
				<Option compiler="gcc" />
				<Compiler>
					<Add option="-DWIN32" />
					<Add option="-D_DEBUG" />
					<Add option="-D_WINDOWS" />
					<Add option="-D_USRDLL" />
					<Add option="-DCORE_EXPORT" />
					<Add option="-DDLL_EXPORT" />
					<Add option="-D_CRT_SECURE_NO_DEPRECATE" />
					<Add option="-DSUPRESS_DEVMESSAGES" />
					<Add option="-DUSECRTMEMDEBUG" />
					<Add option="-DRENDER_EXPORT" />
					<Add directory="../../FileSystem" />
					<Add directory="../../Engine" />
					<Add directory="../../public" />
					<Add directory="../../public/platform" />
					<Add directory="../../public/renderers" />
				</Compiler>
				<Linker>
					<Add library="OpenGL32.lib" />
					<Add library="user32.lib" />
					<Add library="gdi32.lib" />
				</Linker>
			</Target>
		</Build>
		<Unit filename="../Engine/Imaging/ImageLoader.cpp" />
		<Unit filename="../Engine/Imaging/ImageLoader.h" />
		<Unit filename="../Engine/Imaging/PixWriter.h" />
		<Unit filename="../Engine/Imaging/jconfig.h" />
		<Unit filename="../Engine/Imaging/jmorecfg.h" />
		<Unit filename="../Engine/Imaging/jpeglib.h" />
		<Unit filename="../Engine/Imaging/zconf.h" />
		<Unit filename="../Engine/Imaging/zlib.h" />
		<Unit filename="../Engine/Renderer.cpp" />
		<Unit filename="../Engine/Renderer.h" />
		<Unit filename="../public/ConCommand.cpp" />
		<Unit filename="../public/ConCommandBase.cpp" />
		<Unit filename="../public/ConVar.cpp" />
		<Unit filename="../public/Renderer/IIndexBuffer.h" />
		<Unit filename="../public/Renderer/IShaderAPI.h" />
		<Unit filename="../public/Renderer/IShaderProgram.h" />
		<Unit filename="../public/Renderer/IVertexBuffer.h" />
		<Unit filename="../public/Renderer/IVertexFormat.h" />
		<Unit filename="../public/Renderer/renderer_def.h" />
		<Unit filename="CTexture.cpp" />
		<Unit filename="CTexture.h" />
		<Unit filename="GL/CGLRenderLib.cpp" />
		<Unit filename="GL/CGLRenderLib.h" />
		<Unit filename="GL/CGLTexture.cpp" />
		<Unit filename="GL/CGLTexture.h" />
		<Unit filename="GL/CGL_Fog.cpp" />
		<Unit filename="GL/CGL_Fog.h" />
		<Unit filename="GL/HardwareMesh/GLMesh.cpp" />
		<Unit filename="GL/HardwareMesh/GLMesh.h" />
		<Unit filename="GL/IndexBufferGL.cpp" />
		<Unit filename="GL/IndexBufferGL.h" />
		<Unit filename="GL/OpenGLRenderer.cpp" />
		<Unit filename="GL/OpenGLRenderer.h" />
		<Unit filename="GL/ShaderAPIGL.cpp" />
		<Unit filename="GL/ShaderAPIGL.h" />
		<Unit filename="GL/VertexBufferGL.cpp" />
		<Unit filename="GL/VertexBufferGL.h" />
		<Unit filename="GL/VertexFormatGL.cpp" />
		<Unit filename="GL/VertexFormatGL.h" />
		<Unit filename="GL/shaderapigl_def.h" />
		<Unit filename="IRenderLibrary.h" />
		<Unit filename="OpenGL3Extensions.cpp" />
		<Unit filename="OpenGL3Extensions.h" />
		<Unit filename="Resources.rc" />
		<Unit filename="ShaderAPI_Base.cpp" />
		<Unit filename="ShaderAPI_Base.h" />
		<Unit filename="resource.h" />
		<Extensions>
			<code_completion />
			<debugger />
		</Extensions>
	</Project>
</CodeBlocks_project_file>
