<?xml version="1.0" encoding="utf-8"?>
<Project ToolsVersion="4.0" xmlns="http://schemas.microsoft.com/developer/msbuild/2003">
  <ItemGroup>
    <Filter Include="Source Files">
      <UniqueIdentifier>{4FC737F1-C7A5-4376-A066-2A32D752A2FF}</UniqueIdentifier>
      <Extensions>cpp;c;cc;cxx;def;odl;idl;hpj;bat;asm;asmx</Extensions>
    </Filter>
    <Filter Include="Header Files">
      <UniqueIdentifier>{93995380-89BD-4b04-88EB-625FBE52EBFB}</UniqueIdentifier>
      <Extensions>h;hpp;hxx;hm;inl;inc;xsd</Extensions>
    </Filter>
    <Filter Include="Libs">
      <UniqueIdentifier>{fdbef0fa-1532-40bb-ba69-0533d1e79744}</UniqueIdentifier>
    </Filter>
  </ItemGroup>
  <ItemGroup>
    <ClCompile Include="material.cpp">
      <Filter>Source Files</Filter>
    </ClCompile>
    <ClCompile Include="MaterialSystem.cpp">
      <Filter>Source Files</Filter>
    </ClCompile>
    <ClCompile Include="materialvar.cpp">
      <Filter>Source Files</Filter>
    </ClCompile>
    <ClCompile Include="DynamicMesh.cpp">
      <Filter>Source Files</Filter>
    </ClCompile>
    <ClCompile Include="MaterialProxy.cpp">
      <Filter>Source Files</Filter>
    </ClCompile>
    <ClCompile Include="..\public\materialsystem\BaseShader.cpp">
      <Filter>Source Files</Filter>
    </ClCompile>
    <ClCompile Include="DefaultShader.cpp">
      <Filter>Source Files</Filter>
    </ClCompile>
    <ClCompile Include="..\public\TextureAtlas.cpp">
      <Filter>Source Files</Filter>
    </ClCompile>
  </ItemGroup>
  <ItemGroup>
    <ClInclude Include="..\public\Utils\Align.h">
      <Filter>Header Files</Filter>
    </ClInclude>
    <ClInclude Include="..\public\CharSet.h">
      <Filter>Header Files</Filter>
    </ClInclude>
    <ClInclude Include="CmdLineParser.h">
      <Filter>Header Files</Filter>
    </ClInclude>
    <ClInclude Include="..\public\ConCommand.h">
      <Filter>Header Files</Filter>
    </ClInclude>
    <ClInclude Include="..\public\ConCommandBase.h">
      <Filter>Header Files</Filter>
    </ClInclude>
    <ClInclude Include="..\public\consolenode.h">
      <Filter>Header Files</Filter>
    </ClInclude>
    <ClInclude Include="..\public\ConVar.h">
      <Filter>Header Files</Filter>
    </ClInclude>
    <ClInclude Include="..\public\core_base_header.h">
      <Filter>Header Files</Filter>
    </ClInclude>
    <ClInclude Include="CoreVersion.h">
      <Filter>Header Files</Filter>
    </ClInclude>
    <ClInclude Include="..\public\DebugInterface.h">
      <Filter>Header Files</Filter>
    </ClInclude>
    <ClInclude Include="..\public\ICmdLineParser.h">
      <Filter>Header Files</Filter>
    </ClInclude>
    <ClInclude Include="..\public\IConCommandFactory.h">
      <Filter>Header Files</Filter>
    </ClInclude>
    <ClInclude Include="..\public\IDkCore.h">
      <Filter>Header Files</Filter>
    </ClInclude>
    <ClInclude Include="..\FileSystem\ifilesystem.h">
      <Filter>Header Files</Filter>
    </ClInclude>
    <ClInclude Include="..\public\InterfaceManager.h">
      <Filter>Header Files</Filter>
    </ClInclude>
    <ClInclude Include="..\public\Platform\Platform.h">
      <Filter>Header Files</Filter>
    </ClInclude>
    <ClInclude Include="material.h">
      <Filter>Source Files</Filter>
    </ClInclude>
    <ClInclude Include="MaterialSystem.h">
      <Filter>Source Files</Filter>
    </ClInclude>
    <ClInclude Include="materialvar.h">
      <Filter>Source Files</Filter>
    </ClInclude>
    <ClInclude Include="resource.h">
      <Filter>Header Files</Filter>
    </ClInclude>
    <ClInclude Include="..\public\materialsystem\IMaterialSystem.h">
      <Filter>Source Files</Filter>
    </ClInclude>
    <ClInclude Include="DynamicMesh.h">
      <Filter>Source Files</Filter>
    </ClInclude>
    <ClInclude Include="..\public\MaterialSystem\IDynamicMesh.h">
      <Filter>Source Files</Filter>
    </ClInclude>
    <ClInclude Include="MaterialProxy.h">
      <Filter>Source Files</Filter>
    </ClInclude>
    <ClInclude Include="..\public\materialsystem\MeshBuilder.h">
      <Filter>Source Files</Filter>
    </ClInclude>
    <ClInclude Include="..\public\TextureAtlas.h">
      <Filter>Source Files</Filter>
    </ClInclude>
  </ItemGroup>
  <ItemGroup>
    <Library Include="..\src_dependency\zlib\contrib\vstudio\vc14\x86\ZlibStatReleaseWithoutAsm\zlibstat.lib">
      <Filter>Libs</Filter>
    </Library>
    <Library Include="..\src_dependency\jpeg\lib\jpeg.lib">
      <Filter>Libs</Filter>
    </Library>
  </ItemGroup>
</Project>