<?xml version="1.0" encoding="utf-8"?>
<Project ToolsVersion="4.0" xmlns="http://schemas.microsoft.com/developer/msbuild/2003">
  <ItemGroup>
    <Filter Include="EngineAPI">
      <UniqueIdentifier>{4FC737F1-C7A5-4376-A066-2A32D752A2FF}</UniqueIdentifier>
      <Extensions>cpp;c;cc;cxx;def;odl;idl;hpj;bat;asm;asmx</Extensions>
    </Filter>
    <Filter Include="EngineAPI\Math">
      <UniqueIdentifier>{abd8e610-a6b5-41d3-94d0-d8b506c74572}</UniqueIdentifier>
    </Filter>
    <Filter Include="EngineAPI\Utils">
      <UniqueIdentifier>{23b6aa7f-e3d1-450b-a8b8-22ec89da25bf}</UniqueIdentifier>
    </Filter>
    <Filter Include="EngineAPI\Console">
      <UniqueIdentifier>{5a066afc-051a-4b71-90c0-4824c26547dc}</UniqueIdentifier>
    </Filter>
    <Filter Include="Libs">
      <UniqueIdentifier>{80f43bcd-f497-4394-a93f-46bc8e0eafe3}</UniqueIdentifier>
    </Filter>
    <Filter Include="Core">
      <UniqueIdentifier>{8cf49967-4e41-4c27-8d9e-b175ce1b8af3}</UniqueIdentifier>
    </Filter>
  </ItemGroup>
  <ItemGroup>
    <ClCompile Include="..\..\public\cmdlib.cpp">
      <Filter>EngineAPI</Filter>
    </ClCompile>
    <ClCompile Include="..\..\public\Platform\Platform.cpp">
      <Filter>EngineAPI</Filter>
    </ClCompile>
    <ClCompile Include="..\..\public\Math\Vector.cpp">
      <Filter>EngineAPI\Math</Filter>
    </ClCompile>
    <ClCompile Include="..\..\public\Utils\DkStr.cpp">
      <Filter>EngineAPI\Utils</Filter>
    </ClCompile>
    <ClCompile Include="..\..\public\Utils\strtools.cpp">
      <Filter>EngineAPI\Utils</Filter>
    </ClCompile>
    <ClCompile Include="..\..\public\ConCommand.cpp">
      <Filter>EngineAPI\Console</Filter>
    </ClCompile>
    <ClCompile Include="..\..\public\ConCommandBase.cpp">
      <Filter>EngineAPI\Console</Filter>
    </ClCompile>
    <ClCompile Include="..\..\public\ConVar.cpp">
      <Filter>EngineAPI\Console</Filter>
    </ClCompile>
    <ClCompile Include="CoreTester.cpp">
      <Filter>EngineAPI</Filter>
    </ClCompile>
  </ItemGroup>
  <ItemGroup>
    <ClInclude Include="..\..\public\cmdlib.h">
      <Filter>EngineAPI</Filter>
    </ClInclude>
    <ClInclude Include="..\..\public\Platform\Platform.h">
      <Filter>EngineAPI</Filter>
    </ClInclude>
    <ClInclude Include="..\..\public\Math\Vector.h">
      <Filter>EngineAPI\Math</Filter>
    </ClInclude>
    <ClInclude Include="..\..\public\Utils\Array.h">
      <Filter>EngineAPI\Utils</Filter>
    </ClInclude>
    <ClInclude Include="..\..\public\Utils\DkStr.h">
      <Filter>EngineAPI\Utils</Filter>
    </ClInclude>
    <ClInclude Include="..\..\public\Utils\strtools.h">
      <Filter>EngineAPI\Utils</Filter>
    </ClInclude>
    <ClInclude Include="..\..\public\ConCommand.h">
      <Filter>EngineAPI\Console</Filter>
    </ClInclude>
    <ClInclude Include="..\..\public\ConCommandBase.h">
      <Filter>EngineAPI\Console</Filter>
    </ClInclude>
    <ClInclude Include="..\..\public\ConVar.h">
      <Filter>EngineAPI\Console</Filter>
    </ClInclude>
    <ClInclude Include="..\..\public\IConCommandFactory.h">
      <Filter>EngineAPI\Console</Filter>
    </ClInclude>
    <ClInclude Include="..\..\public\IDkCore.h">
      <Filter>Core</Filter>
    </ClInclude>
  </ItemGroup>
  <ItemGroup>
    <Library Include="..\..\libs\DkCore.lib">
      <Filter>Libs</Filter>
    </Library>
  </ItemGroup>
</Project>