<?xml version="1.0" encoding="utf-8"?>
<Project ToolsVersion="4.0" xmlns="http://schemas.microsoft.com/developer/msbuild/2003">
  <ItemGroup>
    <Filter Include="Файлы исходного кода">
      <UniqueIdentifier>{053e1c37-205f-4d72-bfd5-ca8e6b2e9635}</UniqueIdentifier>
    </Filter>
    <Filter Include="Файлы исходного кода\Core">
      <UniqueIdentifier>{3ad6f75c-0110-4ede-bf2b-b305e9f7bbc7}</UniqueIdentifier>
    </Filter>
    <Filter Include="Файлы исходного кода\Core\Console">
      <UniqueIdentifier>{047645de-4edf-44a9-a1c0-b0e8f6b0119e}</UniqueIdentifier>
    </Filter>
    <Filter Include="Заголовочные файлы">
      <UniqueIdentifier>{93995380-89BD-4b04-88EB-625FBE52EBFB}</UniqueIdentifier>
      <Extensions>h;hpp;hxx;hm;inl;inc;xsd</Extensions>
    </Filter>
    <Filter Include="Библиотеки">
      <UniqueIdentifier>{fcf14460-b900-4ff1-a096-c27755a9fd56}</UniqueIdentifier>
    </Filter>
    <Filter Include="Файлы ресурсов">
      <UniqueIdentifier>{ee696f9a-4ba6-46f7-8078-04d0b789d2aa}</UniqueIdentifier>
    </Filter>
    <Filter Include="Файлы исходного кода\EngineLib">
      <UniqueIdentifier>{328b1507-a652-4b8e-a82b-70a897e09181}</UniqueIdentifier>
    </Filter>
    <Filter Include="Файлы исходного кода\EngineLib\Math">
      <UniqueIdentifier>{869318a3-47be-4f4b-9d2b-370b82e9b2c4}</UniqueIdentifier>
    </Filter>
    <Filter Include="Файлы исходного кода\EngineLib\Models">
      <UniqueIdentifier>{506ebe6a-f085-4b35-8b2d-ad950ee30850}</UniqueIdentifier>
    </Filter>
    <Filter Include="Файлы исходного кода\Editor">
      <UniqueIdentifier>{b8ed20da-6812-4a1a-9ed5-e0ebfe37c301}</UniqueIdentifier>
    </Filter>
    <Filter Include="Файлы исходного кода\Editor\Editor">
      <UniqueIdentifier>{a71c903a-7909-4379-912c-fa3c55092a95}</UniqueIdentifier>
    </Filter>
    <Filter Include="Файлы исходного кода\Editor\Editor\Editables">
      <UniqueIdentifier>{0dfacecb-daca-4d28-877d-a469907491a4}</UniqueIdentifier>
    </Filter>
    <Filter Include="Файлы исходного кода\Editor\Dialogs">
      <UniqueIdentifier>{6bbc7dbd-0972-404d-b62e-ad35958e5e6e}</UniqueIdentifier>
    </Filter>
    <Filter Include="Файлы исходного кода\Editor\Renderer">
      <UniqueIdentifier>{05ac3ee4-9a2b-4c39-8f58-97ce76bbc3b8}</UniqueIdentifier>
    </Filter>
    <Filter Include="Файлы исходного кода\Editor\Renderer\Scene">
      <UniqueIdentifier>{7903be6b-fa6f-4447-807f-c720ce6f5533}</UniqueIdentifier>
    </Filter>
    <Filter Include="Файлы исходного кода\Editor\Renderer\Debug">
      <UniqueIdentifier>{d6ae589e-d53b-451e-b664-b5a10bbb28ce}</UniqueIdentifier>
    </Filter>
    <Filter Include="Файлы исходного кода\Editor\Renderer\Shaders">
      <UniqueIdentifier>{90a052aa-6a4a-46c3-9662-adc72c09d14e}</UniqueIdentifier>
    </Filter>
    <Filter Include="Файлы исходного кода\Editor\Sound">
      <UniqueIdentifier>{d3aba7d4-e7dc-4f27-9565-2a9b6ff31897}</UniqueIdentifier>
    </Filter>
    <Filter Include="Файлы исходного кода\Editor\Sound\AudioSystem">
      <UniqueIdentifier>{7b2648a4-a074-4d26-aecb-b8234534a8ca}</UniqueIdentifier>
    </Filter>
    <Filter Include="Файлы исходного кода\Editor\Editor\Utils">
      <UniqueIdentifier>{c8bdda3d-4a72-4faf-968c-256f039cfe7f}</UniqueIdentifier>
    </Filter>
    <Filter Include="Файлы исходного кода\Editor\Editor\Tools">
      <UniqueIdentifier>{1d3ee061-fc41-4bab-aa95-368a67079fc6}</UniqueIdentifier>
    </Filter>
  </ItemGroup>
  <ItemGroup>
    <ClInclude Include="CommandAccessor.h">
      <Filter>Заголовочные файлы</Filter>
    </ClInclude>
    <ClInclude Include="ConCommandFactory.h">
      <Filter>Заголовочные файлы</Filter>
    </ClInclude>
    <ClInclude Include="DkCore.h">
      <Filter>Заголовочные файлы</Filter>
    </ClInclude>
    <ClInclude Include="ExceptionHandler.h">
      <Filter>Заголовочные файлы</Filter>
    </ClInclude>
    <ClInclude Include="windows\resource.h">
      <Filter>Файлы ресурсов</Filter>
    </ClInclude>
    <ClInclude Include="EditorHeader.h">
      <Filter>Файлы исходного кода\Editor</Filter>
    </ClInclude>
    <ClInclude Include="..\public\dsm_loader.h">
      <Filter>Заголовочные файлы</Filter>
    </ClInclude>
    <ClInclude Include="..\public\Font.h">
      <Filter>Заголовочные файлы</Filter>
    </ClInclude>
    <ClInclude Include="..\public\RenderList.h">
      <Filter>Заголовочные файлы</Filter>
    </ClInclude>
    <ClInclude Include="..\public\Utils\Align.h">
      <Filter>Заголовочные файлы</Filter>
    </ClInclude>
    <ClInclude Include="..\public\CharSet.h">
      <Filter>Заголовочные файлы</Filter>
    </ClInclude>
    <ClInclude Include="..\public\Utils\GeomTools.h">
      <Filter>Заголовочные файлы</Filter>
    </ClInclude>
    <ClInclude Include="..\utils\eq_physgen\physgen_process.h">
      <Filter>Заголовочные файлы</Filter>
    </ClInclude>
    <ClInclude Include="..\utils\eq_physgen\scriptcompile.h">
      <Filter>Заголовочные файлы</Filter>
    </ClInclude>
    <ClInclude Include="..\public\ConCommand.h">
      <Filter>Заголовочные файлы</Filter>
    </ClInclude>
    <ClInclude Include="..\public\ConCommandBase.h">
      <Filter>Заголовочные файлы</Filter>
    </ClInclude>
    <ClInclude Include="..\public\consolenode.h">
      <Filter>Заголовочные файлы</Filter>
    </ClInclude>
    <ClInclude Include="..\public\ConVar.h">
      <Filter>Заголовочные файлы</Filter>
    </ClInclude>
    <ClInclude Include="..\public\core_base_header.h">
      <Filter>Заголовочные файлы</Filter>
    </ClInclude>
    <ClInclude Include="..\public\CPU.h">
      <Filter>Заголовочные файлы</Filter>
    </ClInclude>
    <ClInclude Include="..\public\DebugInterface.h">
      <Filter>Заголовочные файлы</Filter>
    </ClInclude>
    <ClInclude Include="..\public\ICmdLineParser.h">
      <Filter>Заголовочные файлы</Filter>
    </ClInclude>
    <ClInclude Include="..\public\ICommandAccessor.h">
      <Filter>Заголовочные файлы</Filter>
    </ClInclude>
    <ClInclude Include="..\public\IConCommandFactory.h">
      <Filter>Заголовочные файлы</Filter>
    </ClInclude>
    <ClInclude Include="..\public\IDkCore.h">
      <Filter>Заголовочные файлы</Filter>
    </ClInclude>
    <ClInclude Include="..\public\IFileSystem.h">
      <Filter>Заголовочные файлы</Filter>
    </ClInclude>
    <ClInclude Include="..\public\IIniFile.h">
      <Filter>Заголовочные файлы</Filter>
    </ClInclude>
    <ClInclude Include="..\public\IMaterial.h">
      <Filter>Заголовочные файлы</Filter>
    </ClInclude>
    <ClInclude Include="..\public\IMaterialSystem.h">
      <Filter>Заголовочные файлы</Filter>
    </ClInclude>
    <ClInclude Include="..\public\IMeshBuilder.h">
      <Filter>Заголовочные файлы</Filter>
    </ClInclude>
    <ClInclude Include="..\public\InterfaceManager.h">
      <Filter>Заголовочные файлы</Filter>
    </ClInclude>
    <ClInclude Include="..\public\IRenderer.h">
      <Filter>Заголовочные файлы</Filter>
    </ClInclude>
    <ClInclude Include="..\public\IShader.h">
      <Filter>Заголовочные файлы</Filter>
    </ClInclude>
    <ClInclude Include="..\public\Platform\Platform.h">
      <Filter>Заголовочные файлы</Filter>
    </ClInclude>
    <ClInclude Include="..\public\Utils\Queue.h">
      <Filter>Заголовочные файлы</Filter>
    </ClInclude>
    <ClInclude Include="..\public\Utils\String.h">
      <Filter>Заголовочные файлы</Filter>
    </ClInclude>
    <ClInclude Include="..\public\Utils\strtools.h">
      <Filter>Заголовочные файлы</Filter>
    </ClInclude>
    <ClInclude Include="..\public\Utils\DkStr.h">
      <Filter>Заголовочные файлы</Filter>
    </ClInclude>
    <ClInclude Include="..\public\ViewParams.h">
      <Filter>Заголовочные файлы</Filter>
    </ClInclude>
    <ClInclude Include="..\public\BaseRenderableObject.h">
      <Filter>Заголовочные файлы</Filter>
    </ClInclude>
    <ClInclude Include="..\Engine\DebugOverlay.h">
      <Filter>Заголовочные файлы</Filter>
    </ClInclude>
    <ClInclude Include="..\public\Utils\DkLinkedList.h">
      <Filter>Заголовочные файлы</Filter>
    </ClInclude>
    <ClInclude Include="..\public\Utils\DkList.h">
      <Filter>Заголовочные файлы</Filter>
    </ClInclude>
    <ClInclude Include="..\FileSystem\fs_module.h">
      <Filter>Заголовочные файлы</Filter>
    </ClInclude>
    <ClInclude Include="..\public\KeyValues.h">
      <Filter>Заголовочные файлы</Filter>
    </ClInclude>
    <ClInclude Include="..\public\Utils\Thread.h">
      <Filter>Заголовочные файлы</Filter>
    </ClInclude>
    <ClInclude Include="..\public\Utils\TimeMeasure.h">
      <Filter>Заголовочные файлы</Filter>
    </ClInclude>
    <ClInclude Include="..\public\Math\DkMath.h">
      <Filter>Заголовочные файлы</Filter>
    </ClInclude>
    <ClInclude Include="..\public\Math\math_util.h">
      <Filter>Заголовочные файлы</Filter>
    </ClInclude>
    <ClInclude Include="..\public\Math\MathTools.h">
      <Filter>Заголовочные файлы</Filter>
    </ClInclude>
    <ClInclude Include="..\public\Math\Matrix.h">
      <Filter>Заголовочные файлы</Filter>
    </ClInclude>
    <ClInclude Include="..\public\Math\Quaternion.h">
      <Filter>Заголовочные файлы</Filter>
    </ClInclude>
    <ClInclude Include="..\public\Math\Random.h">
      <Filter>Заголовочные файлы</Filter>
    </ClInclude>
    <ClInclude Include="..\public\Math\Vector.h">
      <Filter>Заголовочные файлы</Filter>
    </ClInclude>
    <ClInclude Include="..\public\Math\Volume.h">
      <Filter>Заголовочные файлы</Filter>
    </ClInclude>
    <ClInclude Include="..\public\animation_shared.h">
      <Filter>Заголовочные файлы</Filter>
    </ClInclude>
    <ClInclude Include="..\Engine\EngineModelLoader.h">
      <Filter>Заголовочные файлы</Filter>
    </ClInclude>
    <ClInclude Include="..\Engine\modelloader_shared.h">
      <Filter>Заголовочные файлы</Filter>
    </ClInclude>
    <ClInclude Include="EditorVersion.h">
      <Filter>Файлы исходного кода\Editor</Filter>
    </ClInclude>
    <ClInclude Include="wx_inc.h">
      <Filter>Файлы исходного кода\Editor</Filter>
    </ClInclude>
    <ClInclude Include="grid.h">
      <Filter>Файлы исходного кода\Editor\Renderer</Filter>
    </ClInclude>
    <ClInclude Include="EditorMainFrame.h">
      <Filter>Файлы исходного кода\Editor</Filter>
    </ClInclude>
    <ClInclude Include="EditorCamera.h">
      <Filter>Файлы исходного кода\Editor\Renderer</Filter>
    </ClInclude>
    <ClInclude Include="EntityDef.h">
      <Filter>Файлы исходного кода\Editor\Editor</Filter>
    </ClInclude>
    <ClInclude Include="EditorLevel.h">
      <Filter>Файлы исходного кода\Editor\Editor</Filter>
    </ClInclude>
    <ClInclude Include="RenderWindows.h">
      <Filter>Файлы исходного кода\Editor</Filter>
    </ClInclude>
    <ClInclude Include="SurfaceDialog.h">
      <Filter>Файлы исходного кода\Editor\Dialogs</Filter>
    </ClInclude>
    <ClInclude Include="OptionsDialog.h">
      <Filter>Файлы исходного кода\Editor\Dialogs</Filter>
    </ClInclude>
    <ClInclude Include="EditorSettings.h">
      <Filter>Файлы исходного кода\Editor</Filter>
    </ClInclude>
    <ClInclude Include="..\public\BaseShader.h">
      <Filter>Файлы исходного кода\Editor\Renderer\Shaders</Filter>
    </ClInclude>
    <ClInclude Include="LoadLevelDialog.h">
      <Filter>Файлы исходного кода\Editor\Dialogs</Filter>
    </ClInclude>
    <ClInclude Include="SelectionEditor.h">
      <Filter>Файлы исходного кода\Editor\Editor\Tools</Filter>
    </ClInclude>
    <ClInclude Include="ClipperTool.h">
      <Filter>Файлы исходного кода\Editor\Editor\Tools</Filter>
    </ClInclude>
    <ClInclude Include="BlockTool.h">
      <Filter>Файлы исходного кода\Editor\Editor\Tools</Filter>
    </ClInclude>
    <ClInclude Include="DCRender2D.h">
      <Filter>Файлы исходного кода\Editor\Renderer</Filter>
    </ClInclude>
    <ClInclude Include="VertexTool.h">
      <Filter>Файлы исходного кода\Editor\Editor\Tools</Filter>
    </ClInclude>
    <ClInclude Include="UndoObserver.h">
      <Filter>Файлы исходного кода\Editor\Editor</Filter>
    </ClInclude>
    <ClInclude Include="TerrainPatchTool.h">
      <Filter>Файлы исходного кода\Editor\Editor\Tools</Filter>
    </ClInclude>
    <ClInclude Include="EntityTool.h">
      <Filter>Файлы исходного кода\Editor\Editor\Tools</Filter>
    </ClInclude>
    <ClInclude Include="EntityProperties.h">
      <Filter>Файлы исходного кода\Editor\Dialogs</Filter>
    </ClInclude>
    <ClInclude Include="..\public\IVirtualStream.h">
      <Filter>Файлы исходного кода\Core</Filter>
    </ClInclude>
    <ClInclude Include="BuildOptionsDialog.h">
      <Filter>Файлы исходного кода\Editor\Dialogs</Filter>
    </ClInclude>
    <ClInclude Include="TransformSelectionDialog.h">
      <Filter>Файлы исходного кода\Editor\Dialogs</Filter>
    </ClInclude>
    <ClInclude Include="..\Engine\ViewRenderer.h">
      <Filter>Файлы исходного кода\Editor\Renderer</Filter>
    </ClInclude>
    <ClInclude Include="EntityList.h">
      <Filter>Файлы исходного кода\Editor\Dialogs</Filter>
    </ClInclude>
    <ClInclude Include="EditableSurface.h">
      <Filter>Файлы исходного кода\Editor\Editor\Editables</Filter>
    </ClInclude>
    <ClInclude Include="EditableEntity.h">
      <Filter>Файлы исходного кода\Editor\Editor\Editables</Filter>
    </ClInclude>
    <ClInclude Include="GroupEditable.h">
      <Filter>Файлы исходного кода\Editor\Editor\Editables</Filter>
    </ClInclude>
    <ClInclude Include="EqBrush.h">
      <Filter>Файлы исходного кода\Editor\Editor\Editables</Filter>
    </ClInclude>
    <ClInclude Include="EditableDecal.h">
      <Filter>Файлы исходного кода\Editor\Editor\Editables</Filter>
    </ClInclude>
    <ClInclude Include="DecalTool.h">
      <Filter>Файлы исходного кода\Editor\Editor\Tools</Filter>
    </ClInclude>
    <ClInclude Include="BaseEditableObject.h">
      <Filter>Файлы исходного кода\Editor\Editor\Editables</Filter>
    </ClInclude>
    <ClInclude Include="..\Engine\Audio\alsnd_ambient.h">
      <Filter>Файлы исходного кода\Editor\Sound\AudioSystem</Filter>
    </ClInclude>
    <ClInclude Include="..\Engine\Audio\alsnd_emitter.h">
      <Filter>Файлы исходного кода\Editor\Sound\AudioSystem</Filter>
    </ClInclude>
    <ClInclude Include="..\Engine\Audio\alsnd_sample.h">
      <Filter>Файлы исходного кода\Editor\Sound\AudioSystem</Filter>
    </ClInclude>
    <ClInclude Include="..\Engine\Audio\alsound_local.h">
      <Filter>Файлы исходного кода\Editor\Sound\AudioSystem</Filter>
    </ClInclude>
    <ClInclude Include="..\Engine\Audio\soundzero.h">
      <Filter>Файлы исходного кода\Editor\Sound\AudioSystem</Filter>
    </ClInclude>
    <ClInclude Include="..\public\GameSoundEmitterSystem.h">
      <Filter>Файлы исходного кода\Editor\Sound</Filter>
    </ClInclude>
    <ClInclude Include="editor_config.h">
      <Filter>Файлы исходного кода\Editor</Filter>
    </ClInclude>
    <ClInclude Include="EditableEntityParameters.h">
      <Filter>Файлы исходного кода\Editor\Editor\Editables</Filter>
    </ClInclude>
    <ClInclude Include="MaterialListFrame.h">
      <Filter>Файлы исходного кода\Editor</Filter>
    </ClInclude>
    <ClInclude Include="LayerPanel.h">
      <Filter>Файлы исходного кода\Editor\Dialogs</Filter>
    </ClInclude>
    <ClInclude Include="MultiComparator.h">
      <Filter>Файлы исходного кода\Editor</Filter>
    </ClInclude>
    <ClInclude Include="SoundList.h">
      <Filter>Файлы исходного кода\Editor\Dialogs</Filter>
    </ClInclude>
    <ClInclude Include="..\public\mtriangle_framework.h">
      <Filter>Файлы исходного кода\Editor\Editor\Tools</Filter>
    </ClInclude>
    <ClInclude Include="..\public\animationfile.h">
      <Filter>Файлы исходного кода\Editor\Editor\Editables</Filter>
    </ClInclude>
    <ClInclude Include="..\public\BoneSetup.h">
      <Filter>Файлы исходного кода\Editor\Editor\Editables</Filter>
    </ClInclude>
    <ClInclude Include="wxFourWaySplitter.h">
      <Filter>Файлы исходного кода\Editor\Editor</Filter>
    </ClInclude>
    <ClInclude Include="..\public\anim_activity.h">
      <Filter>Файлы исходного кода\Editor\Editor\Editables</Filter>
    </ClInclude>
    <ClInclude Include="..\public\anim_defs.h">
      <Filter>Файлы исходного кода\Editor\Editor\Editables</Filter>
    </ClInclude>
    <ClInclude Include="..\public\anim_events.h">
      <Filter>Файлы исходного кода\Editor\Editor\Editables</Filter>
    </ClInclude>
    <ClInclude Include="..\public\dsm_obj_loader.h">
      <Filter>Файлы исходного кода\Editor\Editor\Utils</Filter>
    </ClInclude>
    <ClInclude Include="..\public\dsm_esm_loader.h">
      <Filter>Файлы исходного кода\Editor\Editor\Utils</Filter>
    </ClInclude>
    <ClInclude Include="..\Engine\studio_egf.h">
      <Filter>Файлы исходного кода\EngineLib\Models</Filter>
    </ClInclude>
  </ItemGroup>
  <ItemGroup>
    <None Include="windows\mainicon.ico">
      <Filter>Файлы ресурсов</Filter>
    </None>
    <None Include="windows\splashscreen.bmp">
      <Filter>Файлы ресурсов</Filter>
    </None>
    <None Include="Notes.txt" />
    <None Include="windows\toolbar1.bmp" />
    <None Include="windows\bitmap1.bmp" />
    <None Include="splashscreen.bmp" />
  </ItemGroup>
  <ItemGroup>
    <ResourceCompile Include="windows\Resources.rc">
      <Filter>Файлы ресурсов</Filter>
    </ResourceCompile>
    <ResourceCompile Include="..\utils\wx\include\wx\msw\wx.rc">
      <Filter>Файлы ресурсов</Filter>
    </ResourceCompile>
  </ItemGroup>
  <ItemGroup>
    <ClCompile Include="main.cpp">
      <Filter>Файлы исходного кода</Filter>
    </ClCompile>
    <ClCompile Include="..\public\ConCommand.cpp">
      <Filter>Файлы исходного кода\Core\Console</Filter>
    </ClCompile>
    <ClCompile Include="..\public\ConVar.cpp">
      <Filter>Файлы исходного кода\Core\Console</Filter>
    </ClCompile>
    <ClCompile Include="..\public\ConCommandBase.cpp">
      <Filter>Файлы исходного кода\Core\Console</Filter>
    </ClCompile>
    <ClCompile Include="..\Engine\DebugOverlay.cpp">
      <Filter>Файлы исходного кода\Editor\Renderer\Debug</Filter>
    </ClCompile>
    <ClCompile Include="..\public\BaseRenderableObject.cpp">
      <Filter>Файлы исходного кода\Editor\Renderer\Scene</Filter>
    </ClCompile>
    <ClCompile Include="..\public\RenderList.cpp">
      <Filter>Файлы исходного кода\Editor\Renderer\Scene</Filter>
    </ClCompile>
    <ClCompile Include="..\public\Font.cpp">
      <Filter>Файлы исходного кода\Editor\Renderer</Filter>
    </ClCompile>
    <ClCompile Include="..\public\ViewParams.cpp">
      <Filter>Файлы исходного кода\Editor\Renderer</Filter>
    </ClCompile>
    <ClCompile Include="..\Engine\modelloader_shared.cpp">
      <Filter>Файлы исходного кода\EngineLib\Models</Filter>
    </ClCompile>
    <ClCompile Include="..\public\Math\math_util.cpp">
      <Filter>Файлы исходного кода\EngineLib\Math</Filter>
    </ClCompile>
    <ClCompile Include="..\public\Utils\GeomTools.cpp">
      <Filter>Файлы исходного кода\EngineLib\Math</Filter>
    </ClCompile>
    <ClCompile Include="grid.cpp">
      <Filter>Файлы исходного кода\Editor\Renderer</Filter>
    </ClCompile>
    <ClCompile Include="EditorMainFrame.cpp">
      <Filter>Файлы исходного кода\Editor</Filter>
    </ClCompile>
    <ClCompile Include="EditorCamera.cpp">
      <Filter>Файлы исходного кода\Editor\Renderer</Filter>
    </ClCompile>
    <ClCompile Include="EntityDef.cpp">
      <Filter>Файлы исходного кода\Editor\Editor</Filter>
    </ClCompile>
    <ClCompile Include="EditorLevel.cpp">
      <Filter>Файлы исходного кода\Editor\Editor</Filter>
    </ClCompile>
    <ClCompile Include="RenderWindows.cpp">
      <Filter>Файлы исходного кода\Editor</Filter>
    </ClCompile>
    <ClCompile Include="SurfaceDialog.cpp">
      <Filter>Файлы исходного кода\Editor\Dialogs</Filter>
    </ClCompile>
    <ClCompile Include="OptionsDialog.cpp">
      <Filter>Файлы исходного кода\Editor\Dialogs</Filter>
    </ClCompile>
    <ClCompile Include="EditorFlatColor.cpp">
      <Filter>Файлы исходного кода\Editor\Renderer\Shaders</Filter>
    </ClCompile>
    <ClCompile Include="..\public\BaseShader.cpp">
      <Filter>Файлы исходного кода\Editor\Renderer\Shaders</Filter>
    </ClCompile>
    <ClCompile Include="LoadLevelDialog.cpp">
      <Filter>Файлы исходного кода\Editor\Dialogs</Filter>
    </ClCompile>
    <ClCompile Include="SelectionEditor.cpp">
      <Filter>Файлы исходного кода\Editor\Editor\Tools</Filter>
    </ClCompile>
    <ClCompile Include="ClipperTool.cpp">
      <Filter>Файлы исходного кода\Editor\Editor\Tools</Filter>
    </ClCompile>
    <ClCompile Include="BlockTool.cpp">
      <Filter>Файлы исходного кода\Editor\Editor\Tools</Filter>
    </ClCompile>
    <ClCompile Include="DCRender2D.cpp">
      <Filter>Файлы исходного кода\Editor\Renderer</Filter>
    </ClCompile>
    <ClCompile Include="VertexTool.cpp">
      <Filter>Файлы исходного кода\Editor\Editor\Tools</Filter>
    </ClCompile>
    <ClCompile Include="TerrainPatchTool.cpp">
      <Filter>Файлы исходного кода\Editor\Editor\Tools</Filter>
    </ClCompile>
    <ClCompile Include="EntityTool.cpp">
      <Filter>Файлы исходного кода\Editor\Editor\Tools</Filter>
    </ClCompile>
    <ClCompile Include="EntityProperties.cpp">
      <Filter>Файлы исходного кода\Editor\Dialogs</Filter>
    </ClCompile>
    <ClCompile Include="UndoObserver.cpp">
      <Filter>Файлы исходного кода\Editor\Editor</Filter>
    </ClCompile>
    <ClCompile Include="BuildOptionsDialog.cpp">
      <Filter>Файлы исходного кода\Editor\Dialogs</Filter>
    </ClCompile>
    <ClCompile Include="..\public\cmd_pacifier.cpp">
      <Filter>Файлы исходного кода\Editor\Renderer</Filter>
    </ClCompile>
    <ClCompile Include="TransformSelectionDialog.cpp">
      <Filter>Файлы исходного кода\Editor\Dialogs</Filter>
    </ClCompile>
    <ClCompile Include="..\Engine\ViewRenderer.cpp">
      <Filter>Файлы исходного кода\Editor\Renderer</Filter>
    </ClCompile>
    <ClCompile Include="EntityList.cpp">
      <Filter>Файлы исходного кода\Editor\Dialogs</Filter>
    </ClCompile>
    <ClCompile Include="EditableEntity.cpp">
      <Filter>Файлы исходного кода\Editor\Editor\Editables</Filter>
    </ClCompile>
    <ClCompile Include="EditableSurface.cpp">
      <Filter>Файлы исходного кода\Editor\Editor\Editables</Filter>
    </ClCompile>
    <ClCompile Include="GroupEditable.cpp">
      <Filter>Файлы исходного кода\Editor\Editor\Editables</Filter>
    </ClCompile>
    <ClCompile Include="EqBrush.cpp">
      <Filter>Файлы исходного кода\Editor\Editor\Editables</Filter>
    </ClCompile>
    <ClCompile Include="DecalTool.cpp">
      <Filter>Файлы исходного кода\Editor\Editor\Tools</Filter>
    </ClCompile>
    <ClCompile Include="EditableDecal.cpp">
      <Filter>Файлы исходного кода\Editor\Editor\Editables</Filter>
    </ClCompile>
    <ClCompile Include="BaseEditableObject.cpp">
      <Filter>Файлы исходного кода\Editor\Editor\Editables</Filter>
    </ClCompile>
    <ClCompile Include="..\Engine\Audio\alsnd_ambient.cpp">
      <Filter>Файлы исходного кода\Editor\Sound\AudioSystem</Filter>
    </ClCompile>
    <ClCompile Include="..\Engine\Audio\alsnd_emitter.cpp">
      <Filter>Файлы исходного кода\Editor\Sound\AudioSystem</Filter>
    </ClCompile>
    <ClCompile Include="..\Engine\Audio\alsnd_sample.cpp">
      <Filter>Файлы исходного кода\Editor\Sound\AudioSystem</Filter>
    </ClCompile>
    <ClCompile Include="..\Engine\Audio\alsound_local.cpp">
      <Filter>Файлы исходного кода\Editor\Sound\AudioSystem</Filter>
    </ClCompile>
    <ClCompile Include="..\Engine\Audio\soundzero.cpp">
      <Filter>Файлы исходного кода\Editor\Sound\AudioSystem</Filter>
    </ClCompile>
    <ClCompile Include="..\public\GameSoundEmitterSystem.cpp">
      <Filter>Файлы исходного кода\Editor\Sound</Filter>
    </ClCompile>
    <ClCompile Include="EditableEntityParameters.cpp">
      <Filter>Файлы исходного кода\Editor\Editor\Editables</Filter>
    </ClCompile>
    <ClCompile Include="MaterialListFrame.cpp">
      <Filter>Файлы исходного кода\Editor</Filter>
    </ClCompile>
    <ClCompile Include="LayerPanel.cpp">
      <Filter>Файлы исходного кода\Editor\Dialogs</Filter>
    </ClCompile>
    <ClCompile Include="SoundList.cpp">
      <Filter>Файлы исходного кода\Editor\Dialogs</Filter>
    </ClCompile>
    <ClCompile Include="..\public\mtriangle_framework.cpp">
      <Filter>Файлы исходного кода\Editor\Editor\Tools</Filter>
    </ClCompile>
    <ClCompile Include="..\public\BoneSetup.cpp">
      <Filter>Файлы исходного кода\Editor\Editor\Editables</Filter>
    </ClCompile>
    <ClCompile Include="wxFourWaySplitter.cpp">
      <Filter>Файлы исходного кода\Editor\Editor</Filter>
    </ClCompile>
    <ClCompile Include="..\public\anim_activity.cpp">
      <Filter>Файлы исходного кода\Editor\Editor\Editables</Filter>
    </ClCompile>
    <ClCompile Include="..\public\anim_events.cpp">
      <Filter>Файлы исходного кода\Editor\Editor\Editables</Filter>
    </ClCompile>
    <ClCompile Include="..\public\dsm_esm_loader.cpp">
      <Filter>Файлы исходного кода\Editor\Editor\Utils</Filter>
    </ClCompile>
    <ClCompile Include="..\public\dsm_loader.cpp">
      <Filter>Файлы исходного кода\Editor\Editor\Utils</Filter>
    </ClCompile>
    <ClCompile Include="..\public\dsm_obj_loader.cpp">
      <Filter>Файлы исходного кода\Editor\Editor\Utils</Filter>
    </ClCompile>
    <ClCompile Include="..\Engine\studio_egf.cpp">
      <Filter>Файлы исходного кода\EngineLib\Models</Filter>
    </ClCompile>
    <ClCompile Include="BrushWinding.cpp">
      <Filter>Файлы исходного кода\Editor\Editor\Editables</Filter>
    </ClCompile>
  </ItemGroup>
  <ItemGroup>
    <Library Include="..\libs\ogg_static.lib">
      <Filter>Библиотеки</Filter>
    </Library>
    <Library Include="..\libs\vorbis_static.lib">
      <Filter>Библиотеки</Filter>
    </Library>
    <Library Include="..\libs\vorbisfile_static.lib">
      <Filter>Библиотеки</Filter>
    </Library>
    <Library Include="..\libs\oal32.lib">
      <Filter>Библиотеки</Filter>
    </Library>
  </ItemGroup>
</Project>