<?xml version="1.0" encoding="UTF-8" standalone="yes" ?>
<CodeBlocks_project_file>
	<FileVersion major="1" minor="6" />
	<Project>
		<Option title="DriversGame" />
		<Option pch_mode="2" />
		<Option compiler="gcc" />
		<Build>
			<Target title="Release Win32">
				<Option output="DriversGame" prefix_auto="1" extension_auto="1" />
				<Option type="0" />
				<Option compiler="gcc" />
				<Compiler>
					<Add option="-DWIN32" />
					<Add option="-DNDEBUG" />
					<Add option="-D_WINDOWS" />
					<Add option="-DNO_ENGINE" />
					<Add option="-DNOENGINE" />
					<Add option="-DGAME_DRIVERS" />
					<Add option="-DEQ_USE_SDL" />
					<Add directory="../Game" />
					<Add directory="../FileSystem" />
					<Add directory="../Engine" />
					<Add directory="../public" />
					<Add directory="../public/core" />
					<Add directory="../public/platform" />
					<Add directory="../public/materialsystem/renderers" />
					<Add directory="../Physics/bullet/src" />
					<Add directory="../Physics/bullet/src/BulletSoftBody" />
					<Add directory="../utils/eq_physgen" />
					<Add directory="../utils/wx/include" />
					<Add directory="../utils/wx/include/msvc" />
					<Add directory="../src_dependency/sdl2/include" />
					<Add directory="../src_dependency/bullet/src" />
				</Compiler>
				<Linker>
					<Add library="wsock32.lib" />
				</Linker>
			</Target>
			<Target title="Debug Win32">
				<Option output="DriversGame" prefix_auto="1" extension_auto="1" />
				<Option type="0" />
				<Option compiler="gcc" />
				<Compiler>
					<Add option="-DWIN32" />
					<Add option="-D_DEBUG" />
					<Add option="-D_WINDOWS" />
					<Add option="-DNO_ENGINE" />
					<Add option="-DNOENGINE" />
					<Add option="-DGAME_DRIVERS" />
					<Add option="-DEQ_USE_SDL" />
					<Add directory="../Game" />
					<Add directory="../FileSystem" />
					<Add directory="../Engine" />
					<Add directory="../public" />
					<Add directory="../public/core" />
					<Add directory="../public/platform" />
					<Add directory="../public/materialsystem/renderers" />
					<Add directory="../Physics/bullet/src" />
					<Add directory="../Physics/bullet/src/BulletSoftBody" />
					<Add directory="../utils/eq_physgen" />
					<Add directory="../utils/wx/include" />
					<Add directory="../utils/wx/include/msvc" />
					<Add directory="../src_dependency/sdl2/include" />
					<Add directory="../src_dependency/bullet/src" />
				</Compiler>
				<Linker>
					<Add library="wsock32.lib" />
				</Linker>
			</Target>
		</Build>
		<Unit filename="../Engine/Audio/alsnd_ambient.cpp" />
		<Unit filename="../Engine/Audio/alsnd_ambient.h" />
		<Unit filename="../Engine/Audio/alsnd_emitter.cpp" />
		<Unit filename="../Engine/Audio/alsnd_emitter.h" />
		<Unit filename="../Engine/Audio/alsnd_sample.cpp" />
		<Unit filename="../Engine/Audio/alsnd_sample.h" />
		<Unit filename="../Engine/Audio/alsound_local.cpp" />
		<Unit filename="../Engine/Audio/alsound_local.h" />
		<Unit filename="../Engine/Audio/soundzero.cpp" />
		<Unit filename="../Engine/Audio/soundzero.h" />
		<Unit filename="../Engine/DebugOverlay.cpp" />
		<Unit filename="../Engine/DebugOverlay.h" />
		<Unit filename="../Engine/EngineSpew.cpp" />
		<Unit filename="../Engine/EngineVersion.cpp" />
		<Unit filename="../Engine/KeyBinding/Keys.cpp" />
		<Unit filename="../Engine/KeyBinding/Keys.h" />
		<Unit filename="../Engine/Network/NETThread.cpp" />
		<Unit filename="../Engine/Network/NETThread.h" />
		<Unit filename="../Engine/modelloader_shared.cpp" />
		<Unit filename="../Engine/modelloader_shared.h" />
		<Unit filename="../Engine/studio_egf.cpp" />
		<Unit filename="../Engine/studio_egf.h" />
		<Unit filename="../Engine/sys_console.cpp" />
		<Unit filename="../Engine/sys_console.h" />
		<Unit filename="../FileSystem/cfgloader.cpp" />
		<Unit filename="../FileSystem/cfgloader.h" />
		<Unit filename="../Game/EffectRender.cpp" />
		<Unit filename="../Game/EffectRender.h" />
		<Unit filename="../Game/EqParticles.h" />
		<Unit filename="../Game/EqParticles_Render.cpp" />
		<Unit filename="../public/BaseShader.cpp" />
		<Unit filename="../public/BaseShader.h" />
		<Unit filename="../public/Font.cpp" />
		<Unit filename="../public/Font.h" />
		<Unit filename="../public/GameSoundEmitterSystem.cpp" />
		<Unit filename="../public/GameSoundEmitterSystem.h" />
		<Unit filename="../public/Math/math_util.cpp" />
		<Unit filename="../public/Math/math_util.h" />
		<Unit filename="../public/TextureAtlas.cpp" />
		<Unit filename="../public/TextureAtlas.h" />
		<Unit filename="../public/Utils/GeomTools.cpp" />
		<Unit filename="../public/Utils/GeomTools.h" />
		<Unit filename="../public/ViewParams.cpp" />
		<Unit filename="../public/ViewParams.h" />
		<Unit filename="../public/physics/IStudioShapeCache.h" />
		<Unit filename="../shared_engine/physics/BulletShapeCache.cpp" />
		<Unit filename="../shared_engine/physics/BulletShapeCache.h" />
		<Unit filename="GameObject.cpp" />
		<Unit filename="GameObject.h" />
		<Unit filename="NetPlayer.cpp" />
		<Unit filename="NetPlayer.h" />
		<Unit filename="VehicleBodyShader.cpp" />
		<Unit filename="car.cpp" />
		<Unit filename="car.h" />
		<Unit filename="clientrender.h" />
		<Unit filename="drivers_coord.h" />
		<Unit filename="eqPhysics/eqCollision_Object.h" />
		<Unit filename="eqPhysics/eqPhysics.cpp" />
		<Unit filename="eqPhysics/eqPhysics.h" />
		<Unit filename="eqPhysics/eqPhysics_Body.cpp" />
		<Unit filename="eqPhysics/eqPhysics_Body.h" />
		<Unit filename="eqphysics/eqBulletIndexedMesh.cpp" />
		<Unit filename="eqphysics/eqBulletIndexedMesh.h" />
		<Unit filename="eqphysics/eqCollision_Object.cpp" />
		<Unit filename="eqphysics/eqCollision_ObjectGrid.cpp" />
		<Unit filename="eqphysics/eqCollision_ObjectGrid.h" />
		<Unit filename="game_net.cpp" />
		<Unit filename="game_net.h" />
		<Unit filename="heightfield.cpp" />
		<Unit filename="heightfield.h" />
		<Unit filename="input.cpp" />
		<Unit filename="input.h" />
		<Unit filename="level.cpp" />
		<Unit filename="level.h" />
		<Unit filename="levfile.h" />
		<Unit filename="main.cpp" />
		<Unit filename="object_debris.cpp" />
		<Unit filename="object_debris.h" />
		<Unit filename="object_physics.cpp" />
		<Unit filename="object_physics.h" />
		<Unit filename="objectfactory.h" />
		<Unit filename="physics.cpp" />
		<Unit filename="physics.h" />
		<Unit filename="replay.cpp" />
		<Unit filename="replay.h" />
		<Unit filename="state.cpp" />
		<Unit filename="state.h" />
		<Unit filename="state_game.cpp" />
		<Unit filename="state_game.h" />
		<Unit filename="system.cpp" />
		<Unit filename="system.h" />
		<Unit filename="ui_elem.h" />
		<Unit filename="ui_main.cpp" />
		<Unit filename="window.cpp" />
		<Unit filename="world.cpp" />
		<Unit filename="world.h" />
		<Extensions>
			<code_completion />
			<debugger />
		</Extensions>
	</Project>
</CodeBlocks_project_file>
