<?xml version="1.0" encoding="utf-8"?>
<Project ToolsVersion="4.0" xmlns="http://schemas.microsoft.com/developer/msbuild/2003">
  <ItemGroup>
    <Filter Include="Файлы исходного кода">
      <UniqueIdentifier>{4FC737F1-C7A5-4376-A066-2A32D752A2FF}</UniqueIdentifier>
      <Extensions>cpp;c;cc;cxx;def;odl;idl;hpj;bat;asm;asmx</Extensions>
    </Filter>
    <Filter Include="Файлы ресурсов">
      <UniqueIdentifier>{67DA6AB6-F800-4c08-8B7A-83BB121AAD01}</UniqueIdentifier>
      <Extensions>rc;ico;cur;bmp;dlg;rc2;rct;bin;rgs;gif;jpg;jpeg;jpe;resx;tiff;tif;png;wav;mfcribbon-ms</Extensions>
    </Filter>
    <Filter Include="Libs">
      <UniqueIdentifier>{9c5597a5-dffb-4da6-86ff-e2d01bb2e3a8}</UniqueIdentifier>
    </Filter>
    <Filter Include="Файлы исходного кода\Utils">
      <UniqueIdentifier>{5355431b-74a1-44d4-95a7-012b64764ac4}</UniqueIdentifier>
    </Filter>
    <Filter Include="Файлы исходного кода\Console">
      <UniqueIdentifier>{90453955-4fad-40c8-b400-a77ec476787c}</UniqueIdentifier>
    </Filter>
    <Filter Include="Файлы исходного кода\Network">
      <UniqueIdentifier>{b9db5a1b-cedc-49d1-b2f6-664f95b0f8dc}</UniqueIdentifier>
    </Filter>
    <Filter Include="Файлы исходного кода\Physics">
      <UniqueIdentifier>{6071633d-c055-44c9-a75a-fcd24947b163}</UniqueIdentifier>
    </Filter>
    <Filter Include="Libs\bullet">
      <UniqueIdentifier>{f3668448-a9ce-47a5-9eef-394de9afe24e}</UniqueIdentifier>
    </Filter>
    <Filter Include="Файлы исходного кода\EngineLib">
      <UniqueIdentifier>{e95fa883-6177-49ab-936e-70dc9f89cd3b}</UniqueIdentifier>
    </Filter>
    <Filter Include="Файлы исходного кода\Physics\Bullet">
      <UniqueIdentifier>{03e0030b-4f05-4b21-8f42-4c2ba148abee}</UniqueIdentifier>
    </Filter>
    <Filter Include="Файлы исходного кода\Particles">
      <UniqueIdentifier>{9c8910a5-dbbb-4aa3-92c7-196804b147e8}</UniqueIdentifier>
    </Filter>
    <Filter Include="Файлы исходного кода\EngineLib\DebugOverlay">
      <UniqueIdentifier>{f8f915f5-d8dc-4031-b028-ecd39e42e9cf}</UniqueIdentifier>
    </Filter>
    <Filter Include="Libs\lua">
      <UniqueIdentifier>{c7c8faf4-3436-46fe-8409-ad3a8fc11f44}</UniqueIdentifier>
    </Filter>
    <Filter Include="Libs\shiny">
      <UniqueIdentifier>{5972cf29-554f-41f4-b8c9-4616ffa66406}</UniqueIdentifier>
    </Filter>
    <Filter Include="Файлы исходного кода\EngineLib\Audio">
      <UniqueIdentifier>{ed8a2a13-f024-4f53-8c1b-74b1d695572d}</UniqueIdentifier>
    </Filter>
    <Filter Include="Заголовочные файлы">
      <UniqueIdentifier>{93995380-89BD-4b04-88EB-625FBE52EBFB}</UniqueIdentifier>
      <Extensions>h;hpp;hxx;hm;inl;inc;xsd</Extensions>
    </Filter>
    <Filter Include="Файлы исходного кода\Game">
      <UniqueIdentifier>{e922de69-ed6d-43d2-a698-7ae1211ea89f}</UniqueIdentifier>
    </Filter>
    <Filter Include="Файлы исходного кода\Game\Lua">
      <UniqueIdentifier>{11a4c16a-8c94-4b13-b28e-c3e80dedaffd}</UniqueIdentifier>
    </Filter>
    <Filter Include="Файлы исходного кода\Game\UI">
      <UniqueIdentifier>{ffcbaa56-7bd9-439a-aa4b-717230c4c638}</UniqueIdentifier>
    </Filter>
    <Filter Include="Файлы исходного кода\Game\World">
      <UniqueIdentifier>{90b7c41b-279d-439c-bfb0-b3c52f862591}</UniqueIdentifier>
    </Filter>
    <Filter Include="Файлы исходного кода\Game\States">
      <UniqueIdentifier>{98a79282-394d-49bd-9842-d3e2fec63bf3}</UniqueIdentifier>
    </Filter>
    <Filter Include="Файлы исходного кода\Game\Objects">
      <UniqueIdentifier>{ef59ee0b-25ff-4c62-9cce-16a809ba596e}</UniqueIdentifier>
    </Filter>
    <Filter Include="Файлы исходного кода\Game\AI">
      <UniqueIdentifier>{2681a865-16ee-4aa6-b8fe-2a4bf722c859}</UniqueIdentifier>
    </Filter>
    <Filter Include="Файлы исходного кода\Game\Sessions">
      <UniqueIdentifier>{edf96e04-27e1-47ac-812a-1110b1ac837e}</UniqueIdentifier>
    </Filter>
    <Filter Include="Файлы исходного кода\MatSystem">
      <UniqueIdentifier>{55384fe4-2bb4-45b3-8bef-0d5586cc9fc0}</UniqueIdentifier>
    </Filter>
    <Filter Include="Файлы исходного кода\MatSystem\Shaders">
      <UniqueIdentifier>{a52e7e21-8296-4b28-b177-f2d8a8ce1082}</UniqueIdentifier>
    </Filter>
    <Filter Include="Файлы исходного кода\EngineLib\Video">
      <UniqueIdentifier>{da93cfaf-86d5-4006-aefe-f57baa14a9c3}</UniqueIdentifier>
    </Filter>
    <Filter Include="Файлы исходного кода\Game\Effects">
      <UniqueIdentifier>{24900d55-c6ae-47b2-bbbc-a55e149f284f}</UniqueIdentifier>
    </Filter>
    <Filter Include="Файлы исходного кода\EngineLib\EqUI">
      <UniqueIdentifier>{c9e6c7ef-b7c5-4eb4-8f43-eda1fa89b548}</UniqueIdentifier>
    </Filter>
    <Filter Include="Файлы исходного кода\EngineLib\SharedUI">
      <UniqueIdentifier>{b9517efe-da1e-4b94-9da3-4b2d32e70fb0}</UniqueIdentifier>
    </Filter>
    <Filter Include="Файлы исходного кода\Game\AI\Driver">
      <UniqueIdentifier>{917ab40e-8722-44c1-be2c-f9166d64440a}</UniqueIdentifier>
    </Filter>
    <Filter Include="Файлы исходного кода\EngineLib\PathFinder">
      <UniqueIdentifier>{3e358f62-c393-4b9e-bd2d-21ee9164ea20}</UniqueIdentifier>
    </Filter>
  </ItemGroup>
  <ItemGroup>
    <ClCompile Include="main.cpp">
      <Filter>Файлы исходного кода</Filter>
    </ClCompile>
    <ClCompile Include="window.cpp">
      <Filter>Файлы исходного кода</Filter>
    </ClCompile>
    <ClCompile Include="system.cpp">
      <Filter>Файлы исходного кода</Filter>
    </ClCompile>
    <ClCompile Include="..\public\Math\math_util.cpp">
      <Filter>Файлы исходного кода\Utils</Filter>
    </ClCompile>
    <ClCompile Include="physics.cpp">
      <Filter>Файлы исходного кода\Physics</Filter>
    </ClCompile>
    <ClCompile Include="..\public\Utils\GeomTools.cpp">
      <Filter>Файлы исходного кода\Utils</Filter>
    </ClCompile>
    <ClCompile Include="heightfield.cpp">
      <Filter>Файлы исходного кода\Game\World</Filter>
    </ClCompile>
    <ClCompile Include="..\public\TextureAtlas.cpp">
      <Filter>Файлы исходного кода\Particles</Filter>
    </ClCompile>
    <ClCompile Include="replay.cpp">
      <Filter>Файлы исходного кода\Game</Filter>
    </ClCompile>
    <ClCompile Include="world.cpp">
      <Filter>Файлы исходного кода\Game\World</Filter>
    </ClCompile>
    <ClCompile Include="level.cpp">
      <Filter>Файлы исходного кода\Game\World</Filter>
    </ClCompile>
    <ClCompile Include="state_game.cpp">
      <Filter>Файлы исходного кода\Game\States</Filter>
    </ClCompile>
    <ClCompile Include="eqPhysics\eqPhysics.cpp">
      <Filter>Файлы исходного кода\Physics</Filter>
    </ClCompile>
    <ClCompile Include="eqPhysics\eqPhysics_Body.cpp">
      <Filter>Файлы исходного кода\Physics</Filter>
    </ClCompile>
    <ClCompile Include="eqphysics\eqCollision_Object.cpp">
      <Filter>Файлы исходного кода\Physics</Filter>
    </ClCompile>
    <ClCompile Include="eqphysics\eqCollision_ObjectGrid.cpp">
      <Filter>Файлы исходного кода\Physics</Filter>
    </ClCompile>
    <ClCompile Include="car.cpp">
      <Filter>Файлы исходного кода\Game\Objects</Filter>
    </ClCompile>
    <ClCompile Include="GameObject.cpp">
      <Filter>Файлы исходного кода\Game\Objects</Filter>
    </ClCompile>
    <ClCompile Include="object_debris.cpp">
      <Filter>Файлы исходного кода\Game\Objects</Filter>
    </ClCompile>
    <ClCompile Include="object_physics.cpp">
      <Filter>Файлы исходного кода\Game\Objects</Filter>
    </ClCompile>
    <ClCompile Include="object_static.cpp">
      <Filter>Файлы исходного кода\Game\Objects</Filter>
    </ClCompile>
    <ClCompile Include="..\public\luabinding\LuaBinding.cpp">
      <Filter>Файлы исходного кода\Game\Lua</Filter>
    </ClCompile>
    <ClCompile Include="CameraAnimator.cpp">
      <Filter>Файлы исходного кода\Game</Filter>
    </ClCompile>
    <ClCompile Include="..\public\imaging\ImageLoader.cpp">
      <Filter>Файлы исходного кода\EngineLib</Filter>
    </ClCompile>
    <ClCompile Include="object_tree.cpp">
      <Filter>Файлы исходного кода\Game\Objects</Filter>
    </ClCompile>
    <ClCompile Include="BillboardList.cpp">
      <Filter>Файлы исходного кода\Game\World</Filter>
    </ClCompile>
    <ClCompile Include="object_trafficlight.cpp">
      <Filter>Файлы исходного кода\Game\Objects</Filter>
    </ClCompile>
    <ClCompile Include="eqphysics\eqBulletIndexedMesh.cpp">
      <Filter>Файлы исходного кода\Physics\Bullet</Filter>
    </ClCompile>
    <ClCompile Include="LuaBinding_Drivers.cpp">
      <Filter>Файлы исходного кода\Game\Lua</Filter>
    </ClCompile>
    <ClCompile Include="..\public\luabinding\LuaBinding_Engine.cpp">
      <Filter>Файлы исходного кода\Game\Lua</Filter>
    </ClCompile>
    <ClCompile Include="StateManager.cpp">
      <Filter>Файлы исходного кода\Game\States</Filter>
    </ClCompile>
    <ClCompile Include="..\shared_engine\physics\BulletShapeCache.cpp">
      <Filter>Файлы исходного кода\Physics\Bullet</Filter>
    </ClCompile>
    <ClCompile Include="..\shared_engine\cfgloader.cpp">
      <Filter>Файлы исходного кода\EngineLib</Filter>
    </ClCompile>
    <ClCompile Include="..\shared_engine\EngineVersion.cpp">
      <Filter>Файлы исходного кода\EngineLib</Filter>
    </ClCompile>
    <ClCompile Include="..\shared_engine\modelloader_shared.cpp">
      <Filter>Файлы исходного кода\EngineLib</Filter>
    </ClCompile>
    <ClCompile Include="..\shared_engine\studio_egf.cpp">
      <Filter>Файлы исходного кода\EngineLib</Filter>
    </ClCompile>
    <ClCompile Include="..\shared_engine\DebugOverlay.cpp">
      <Filter>Файлы исходного кода\EngineLib\DebugOverlay</Filter>
    </ClCompile>
    <ClCompile Include="..\shared_engine\EngineSpew.cpp">
      <Filter>Файлы исходного кода\Console</Filter>
    </ClCompile>
    <ClCompile Include="..\shared_engine\Audio\alsnd_emitter.cpp">
      <Filter>Файлы исходного кода\EngineLib\Audio</Filter>
    </ClCompile>
    <ClCompile Include="..\shared_engine\Audio\alsnd_sample.cpp">
      <Filter>Файлы исходного кода\EngineLib\Audio</Filter>
    </ClCompile>
    <ClCompile Include="..\shared_engine\Audio\alsound_local.cpp">
      <Filter>Файлы исходного кода\EngineLib\Audio</Filter>
    </ClCompile>
    <ClCompile Include="..\shared_game\GameSoundEmitterSystem.cpp">
      <Filter>Файлы исходного кода\EngineLib\Audio</Filter>
    </ClCompile>
    <ClCompile Include="..\shared_engine\Audio\soundzero.cpp">
      <Filter>Файлы исходного кода\EngineLib\Audio</Filter>
    </ClCompile>
    <ClCompile Include="..\shared_engine\EffectRender.cpp">
      <Filter>Файлы исходного кода\Particles</Filter>
    </ClCompile>
    <ClCompile Include="..\shared_engine\EqParticles_Render.cpp">
      <Filter>Файлы исходного кода\Particles</Filter>
    </ClCompile>
    <ClCompile Include="..\shared_engine\Network\NETThread.cpp">
      <Filter>Файлы исходного кода\Network</Filter>
    </ClCompile>
    <ClCompile Include="..\public\materialsystem\BaseShader.cpp">
      <Filter>Файлы исходного кода\MatSystem\Shaders</Filter>
    </ClCompile>
    <ClCompile Include="..\shared_engine\sys_console.cpp">
      <Filter>Файлы исходного кода\Console</Filter>
    </ClCompile>
    <ClCompile Include="..\shared_engine\eqParallelJobs.cpp">
      <Filter>Файлы исходного кода\EngineLib</Filter>
    </ClCompile>
    <ClCompile Include="object_sheets.cpp">
      <Filter>Файлы исходного кода\Game\Objects</Filter>
    </ClCompile>
    <ClCompile Include="Shader_StaticObjs.cpp">
      <Filter>Файлы исходного кода\MatSystem\Shaders</Filter>
    </ClCompile>
    <ClCompile Include="ShaderOverrides.cpp">
      <Filter>Файлы исходного кода\MatSystem\Shaders</Filter>
    </ClCompile>
    <ClCompile Include="..\shared_engine\Font.cpp">
      <Filter>Файлы исходного кода\EngineLib\SharedUI</Filter>
    </ClCompile>
    <ClCompile Include="..\shared_engine\FontCache.cpp">
      <Filter>Файлы исходного кода\EngineLib\SharedUI</Filter>
    </ClCompile>
    <ClCompile Include="AICarManager.cpp">
      <Filter>Файлы исходного кода\Game\AI</Filter>
    </ClCompile>
    <ClCompile Include="..\shared_engine\Audio\alsnd_stream.cpp">
      <Filter>Файлы исходного кода\EngineLib\Audio</Filter>
    </ClCompile>
    <ClCompile Include="state_title.cpp">
      <Filter>Файлы исходного кода\Game\States</Filter>
    </ClCompile>
    <ClCompile Include="state_mainmenu.cpp">
      <Filter>Файлы исходного кода\Game\States</Filter>
    </ClCompile>
    <ClCompile Include="ui_luaMenu.cpp">
      <Filter>Файлы исходного кода\Game\UI</Filter>
    </ClCompile>
    <ClCompile Include="..\shared_engine\EGFInstancer.cpp">
      <Filter>Файлы исходного кода\EngineLib</Filter>
    </ClCompile>
    <ClCompile Include="occluderSet.cpp">
      <Filter>Файлы исходного кода\Game\World</Filter>
    </ClCompile>
    <ClCompile Include="DrvSynHUD.cpp">
      <Filter>Файлы исходного кода\Game\UI</Filter>
    </ClCompile>
    <ClCompile Include="Rain.cpp">
      <Filter>Файлы исходного кода\Game\World</Filter>
    </ClCompile>
    <ClCompile Include="input.cpp">
      <Filter>Файлы исходного кода\Game</Filter>
    </ClCompile>
    <ClCompile Include="game_multiplayer.cpp">
      <Filter>Файлы исходного кода\Game\Sessions</Filter>
    </ClCompile>
    <ClCompile Include="game_singleplayer.cpp">
      <Filter>Файлы исходного кода\Game\Sessions</Filter>
    </ClCompile>
    <ClCompile Include="NetPlayer.cpp">
      <Filter>Файлы исходного кода\Game\Sessions</Filter>
    </ClCompile>
    <ClCompile Include="Shader_VehicleBody.cpp">
      <Filter>Файлы исходного кода\MatSystem\Shaders</Filter>
    </ClCompile>
    <ClCompile Include="Shader_Water.cpp">
      <Filter>Файлы исходного кода\MatSystem\Shaders</Filter>
    </ClCompile>
    <ClCompile Include="LiteHTMLContainer.cpp">
      <Filter>Файлы исходного кода\Game\UI</Filter>
    </ClCompile>
    <ClCompile Include="EventFSM.cpp">
      <Filter>Файлы исходного кода\Game\AI</Filter>
    </ClCompile>
    <ClCompile Include="..\shared_engine\FontLayoutBuilders.cpp">
      <Filter>Файлы исходного кода\EngineLib\SharedUI</Filter>
    </ClCompile>
    <ClCompile Include="object_scripted.cpp">
      <Filter>Файлы исходного кода\Game\Objects</Filter>
    </ClCompile>
    <ClCompile Include="AITrafficCar.cpp">
      <Filter>Файлы исходного кода\Game\AI</Filter>
    </ClCompile>
    <ClCompile Include="AIPursuerCar.cpp">
      <Filter>Файлы исходного кода\Game\AI</Filter>
    </ClCompile>
    <ClCompile Include="..\shared_engine\eqGlobalMutex.cpp">
      <Filter>Файлы исходного кода\EngineLib</Filter>
    </ClCompile>
    <ClCompile Include="levelobject.cpp">
      <Filter>Файлы исходного кода\Game\World</Filter>
    </ClCompile>
    <ClCompile Include="region.cpp">
      <Filter>Файлы исходного кода\Game\World</Filter>
    </ClCompile>
    <ClCompile Include="predictable_object.cpp">
      <Filter>Файлы исходного кода\Game</Filter>
    </ClCompile>
    <ClCompile Include="state_lobby.cpp">
      <Filter>Файлы исходного кода\Game\States</Filter>
    </ClCompile>
    <ClCompile Include="..\shared_engine\SpriteBuilder.cpp">
      <Filter>Файлы исходного кода\EngineLib</Filter>
    </ClCompile>
    <ClCompile Include="ParticleEffects.cpp">
      <Filter>Файлы исходного кода\Game\Effects</Filter>
    </ClCompile>
    <ClCompile Include="DrvSynDecals.cpp">
      <Filter>Файлы исходного кода\Game\World</Filter>
    </ClCompile>
    <ClCompile Include="ShadowRenderer.cpp">
      <Filter>Файлы исходного кода\Particles</Filter>
    </ClCompile>
    <ClCompile Include="..\public\utils\RectanglePacker.cpp">
      <Filter>Файлы исходного кода\Utils</Filter>
    </ClCompile>
    <ClCompile Include="Shader_ShadowBuild.cpp">
      <Filter>Файлы исходного кода\MatSystem\Shaders</Filter>
    </ClCompile>
    <ClCompile Include="Shader_Shadow.cpp">
      <Filter>Файлы исходного кода\MatSystem\Shaders</Filter>
    </ClCompile>
    <ClCompile Include="..\shared_engine\KeyBinding\InputCommandBinder.cpp">
      <Filter>Файлы исходного кода\EngineLib</Filter>
    </ClCompile>
    <ClCompile Include="eqPhysics\eqPhysics_HingeJoint.cpp">
      <Filter>Файлы исходного кода\Physics</Filter>
    </ClCompile>
    <ClCompile Include="eqPhysics\eqPhysics_PointConstraint.cpp">
      <Filter>Файлы исходного кода\Physics</Filter>
    </ClCompile>
    <ClCompile Include="eqPhysics\eqPhysics_MaxDistConstraint.cpp">
      <Filter>Файлы исходного кода\Physics</Filter>
    </ClCompile>
    <ClCompile Include="director.cpp">
      <Filter>Файлы исходного кода\Game</Filter>
    </ClCompile>
    <ClCompile Include="..\shared_engine\EqUI\EqUI_Button.cpp">
      <Filter>Файлы исходного кода\EngineLib\EqUI</Filter>
    </ClCompile>
    <ClCompile Include="..\shared_engine\EqUI\EqUI_Image.cpp">
      <Filter>Файлы исходного кода\EngineLib\EqUI</Filter>
    </ClCompile>
    <ClCompile Include="..\shared_engine\EqUI\EqUI_Label.cpp">
      <Filter>Файлы исходного кода\EngineLib\EqUI</Filter>
    </ClCompile>
    <ClCompile Include="..\shared_engine\EqUI\EqUI_Manager.cpp">
      <Filter>Файлы исходного кода\EngineLib\EqUI</Filter>
    </ClCompile>
    <ClCompile Include="..\shared_engine\EqUI\EqUI_Panel.cpp">
      <Filter>Файлы исходного кода\EngineLib\EqUI</Filter>
    </ClCompile>
    <ClCompile Include="..\shared_engine\EqUI\IEqUI_Control.cpp">
      <Filter>Файлы исходного кода\EngineLib\EqUI</Filter>
    </ClCompile>
    <ClCompile Include="Shader_Sky.cpp">
      <Filter>Файлы исходного кода\MatSystem\Shaders</Filter>
    </ClCompile>
    <ClCompile Include="..\shared_engine\ViewParams.cpp">
      <Filter>Файлы исходного кода\EngineLib</Filter>
    </ClCompile>
    <ClCompile Include="..\public\DataTable.cpp">
      <Filter>Файлы исходного кода\Game\Objects</Filter>
    </ClCompile>
    <ClCompile Include="session_stuff.cpp">
      <Filter>Файлы исходного кода\Game\Sessions</Filter>
    </ClCompile>
    <ClCompile Include="AIManipulator_Navigation.cpp">
      <Filter>Файлы исходного кода\Game\AI\Driver</Filter>
    </ClCompile>
    <ClCompile Include="..\shared_game\PathFinder\Node.cpp">
      <Filter>Файлы исходного кода\EngineLib\PathFinder</Filter>
    </ClCompile>
    <ClCompile Include="..\shared_game\PathFinder\AStar.cpp">
      <Filter>Файлы исходного кода\EngineLib\PathFinder</Filter>
    </ClCompile>
  </ItemGroup>
  <ItemGroup>
    <Library Include="..\libs\DkCore.lib">
      <Filter>Libs</Filter>
    </Library>
    <Library Include="..\libs\zlib.lib">
      <Filter>Libs</Filter>
    </Library>
    <Library Include="..\src_dependency\SDL2\lib\SDL2.lib">
      <Filter>Libs</Filter>
    </Library>
    <Library Include="..\libs\CoreLib.lib">
      <Filter>Libs</Filter>
    </Library>
    <Library Include="..\libs\FrameworkLib.lib">
      <Filter>Libs</Filter>
    </Library>
    <Library Include="..\libs\OpenAL32.lib">
      <Filter>Libs</Filter>
    </Library>
    <Library Include="..\src_dependency\lua\LuaLib.lib">
      <Filter>Libs\lua</Filter>
    </Library>
    <Library Include="..\src_dependency\oolua\bin\Release\oolua.lib">
      <Filter>Libs\lua</Filter>
    </Library>
    <Library Include="..\libs\libpng.lib">
      <Filter>Libs</Filter>
    </Library>
    <Library Include="..\src_dependency\oolua\bin\Debug\oolua_d.lib">
      <Filter>Libs\lua</Filter>
    </Library>
    <Library Include="..\libs\libogg_static.lib">
      <Filter>Libs</Filter>
    </Library>
    <Library Include="..\libs\libvorbisfile_static.lib">
      <Filter>Libs</Filter>
    </Library>
    <Library Include="..\libs\libvorbis_static.lib">
      <Filter>Libs</Filter>
    </Library>
    <Library Include="..\libs\jpeg.lib">
      <Filter>Libs</Filter>
    </Library>
    <Library Include="..\src_dependency\bullet\lib\Release\BulletCollision.lib">
      <Filter>Libs\bullet</Filter>
    </Library>
    <Library Include="..\src_dependency\bullet\lib\Release\LinearMath.lib">
      <Filter>Libs\bullet</Filter>
    </Library>
    <Library Include="..\src_dependency\bullet\lib\Debug\BulletCollision_Debug.lib">
      <Filter>Libs\bullet</Filter>
    </Library>
    <Library Include="..\src_dependency\bullet\lib\Debug\LinearMath_Debug.lib">
      <Filter>Libs\bullet</Filter>
    </Library>
    <Library Include="..\src_dependency\Shiny\lib\Release\Shiny.lib">
      <Filter>Libs\shiny</Filter>
    </Library>
    <Library Include="..\src_dependency\Shiny\lib\Debug\Shiny.lib">
      <Filter>Libs\shiny</Filter>
    </Library>
  </ItemGroup>
  <ItemGroup>
    <ClInclude Include="system.h">
      <Filter>Файлы исходного кода</Filter>
    </ClInclude>
    <ClInclude Include="..\public\Math\math_util.h">
      <Filter>Файлы исходного кода\Utils</Filter>
    </ClInclude>
    <ClInclude Include="physics.h">
      <Filter>Файлы исходного кода\Physics</Filter>
    </ClInclude>
    <ClInclude Include="drivers_coord.h">
      <Filter>Файлы исходного кода\Physics</Filter>
    </ClInclude>
    <ClInclude Include="..\Engine\modelloader_shared.h">
      <Filter>Заголовочные файлы</Filter>
    </ClInclude>
    <ClInclude Include="..\public\ViewParams.h">
      <Filter>Заголовочные файлы</Filter>
    </ClInclude>
    <ClInclude Include="..\public\Utils\GeomTools.h">
      <Filter>Файлы исходного кода\Utils</Filter>
    </ClInclude>
    <ClInclude Include="heightfield.h">
      <Filter>Файлы исходного кода\Game\World</Filter>
    </ClInclude>
    <ClInclude Include="..\public\TextureAtlas.h">
      <Filter>Файлы исходного кода\Particles</Filter>
    </ClInclude>
    <ClInclude Include="replay.h">
      <Filter>Файлы исходного кода\Game</Filter>
    </ClInclude>
    <ClInclude Include="world.h">
      <Filter>Файлы исходного кода\Game\World</Filter>
    </ClInclude>
    <ClInclude Include="level.h">
      <Filter>Файлы исходного кода\Game\World</Filter>
    </ClInclude>
    <ClInclude Include="state_game.h">
      <Filter>Файлы исходного кода\Game\States</Filter>
    </ClInclude>
    <ClInclude Include="eqPhysics\eqCollision_Object.h">
      <Filter>Файлы исходного кода\Physics</Filter>
    </ClInclude>
    <ClInclude Include="eqPhysics\eqPhysics.h">
      <Filter>Файлы исходного кода\Physics</Filter>
    </ClInclude>
    <ClInclude Include="eqPhysics\eqPhysics_Body.h">
      <Filter>Файлы исходного кода\Physics</Filter>
    </ClInclude>
    <ClInclude Include="levfile.h">
      <Filter>Файлы исходного кода\Game\World</Filter>
    </ClInclude>
    <ClInclude Include="..\public\physics\IStudioShapeCache.h">
      <Filter>Файлы исходного кода\Physics\Bullet</Filter>
    </ClInclude>
    <ClInclude Include="eqphysics\eqCollision_ObjectGrid.h">
      <Filter>Файлы исходного кода\Physics</Filter>
    </ClInclude>
    <ClInclude Include="car.h">
      <Filter>Файлы исходного кода\Game\Objects</Filter>
    </ClInclude>
    <ClInclude Include="GameObject.h">
      <Filter>Файлы исходного кода\Game\Objects</Filter>
    </ClInclude>
    <ClInclude Include="object_physics.h">
      <Filter>Файлы исходного кода\Game\Objects</Filter>
    </ClInclude>
    <ClInclude Include="object_debris.h">
      <Filter>Файлы исходного кода\Game\Objects</Filter>
    </ClInclude>
    <ClInclude Include="object_static.h">
      <Filter>Файлы исходного кода\Game\Objects</Filter>
    </ClInclude>
    <ClInclude Include="..\public\luabinding\LuaBinding.h">
      <Filter>Файлы исходного кода\Game\Lua</Filter>
    </ClInclude>
    <ClInclude Include="CameraAnimator.h">
      <Filter>Файлы исходного кода\Game</Filter>
    </ClInclude>
    <ClInclude Include="..\public\imaging\ImageLoader.h">
      <Filter>Файлы исходного кода\EngineLib</Filter>
    </ClInclude>
    <ClInclude Include="object_tree.h">
      <Filter>Файлы исходного кода\Game\Objects</Filter>
    </ClInclude>
    <ClInclude Include="BillboardList.h">
      <Filter>Файлы исходного кода\Game\World</Filter>
    </ClInclude>
    <ClInclude Include="Resources\resource.h">
      <Filter>Файлы ресурсов</Filter>
    </ClInclude>
    <ClInclude Include="object_trafficlight.h">
      <Filter>Файлы исходного кода\Game\Objects</Filter>
    </ClInclude>
    <ClInclude Include="..\public\network\netpropvar.h">
      <Filter>Файлы исходного кода\Network</Filter>
    </ClInclude>
    <ClInclude Include="eqphysics\eqBulletIndexedMesh.h">
      <Filter>Файлы исходного кода\Physics\Bullet</Filter>
    </ClInclude>
    <ClInclude Include="LuaBinding_Drivers.h">
      <Filter>Файлы исходного кода\Game\Lua</Filter>
    </ClInclude>
    <ClInclude Include="..\public\luabinding\LuaBinding_Engine.h">
      <Filter>Файлы исходного кода\Game\Lua</Filter>
    </ClInclude>
    <ClInclude Include="StateManager.h">
      <Filter>Файлы исходного кода\Game\States</Filter>
    </ClInclude>
    <ClInclude Include="..\shared_engine\physics\BulletShapeCache.h">
      <Filter>Файлы исходного кода\Physics\Bullet</Filter>
    </ClInclude>
    <ClInclude Include="..\shared_engine\cfgloader.h">
      <Filter>Файлы исходного кода\EngineLib</Filter>
    </ClInclude>
    <ClInclude Include="..\shared_engine\studio_egf.h">
      <Filter>Файлы исходного кода\EngineLib</Filter>
    </ClInclude>
    <ClInclude Include="..\shared_engine\DebugOverlay.h">
      <Filter>Файлы исходного кода\EngineLib\DebugOverlay</Filter>
    </ClInclude>
    <ClInclude Include="..\shared_engine\Audio\alsnd_emitter.h">
      <Filter>Файлы исходного кода\EngineLib\Audio</Filter>
    </ClInclude>
    <ClInclude Include="..\shared_engine\Audio\alsnd_sample.h">
      <Filter>Файлы исходного кода\EngineLib\Audio</Filter>
    </ClInclude>
    <ClInclude Include="..\shared_engine\Audio\alsound_local.h">
      <Filter>Файлы исходного кода\EngineLib\Audio</Filter>
    </ClInclude>
    <ClInclude Include="..\shared_game\GameSoundEmitterSystem.h">
      <Filter>Файлы исходного кода\EngineLib\Audio</Filter>
    </ClInclude>
    <ClInclude Include="..\shared_engine\Audio\soundzero.h">
      <Filter>Файлы исходного кода\EngineLib\Audio</Filter>
    </ClInclude>
    <ClInclude Include="..\shared_engine\EffectRender.h">
      <Filter>Файлы исходного кода\Particles</Filter>
    </ClInclude>
    <ClInclude Include="..\shared_engine\EqParticles.h">
      <Filter>Файлы исходного кода\Particles</Filter>
    </ClInclude>
    <ClInclude Include="..\shared_engine\Network\NETThread.h">
      <Filter>Файлы исходного кода\Network</Filter>
    </ClInclude>
    <ClInclude Include="..\public\materialsystem\BaseShader.h">
      <Filter>Файлы исходного кода\MatSystem\Shaders</Filter>
    </ClInclude>
    <ClInclude Include="..\shared_engine\sys_console.h">
      <Filter>Файлы исходного кода\Console</Filter>
    </ClInclude>
    <ClInclude Include="..\shared_engine\eqParallelJobs.h">
      <Filter>Файлы исходного кода\EngineLib</Filter>
    </ClInclude>
    <ClInclude Include="predictablerandom.h">
      <Filter>Файлы исходного кода</Filter>
    </ClInclude>
    <ClInclude Include="object_sheets.h">
      <Filter>Файлы исходного кода\Game\Objects</Filter>
    </ClInclude>
    <ClInclude Include="..\shared_engine\Font.h">
      <Filter>Файлы исходного кода\EngineLib\SharedUI</Filter>
    </ClInclude>
    <ClInclude Include="..\shared_engine\FontCache.h">
      <Filter>Файлы исходного кода\EngineLib\SharedUI</Filter>
    </ClInclude>
    <ClInclude Include="AICarManager.h">
      <Filter>Файлы исходного кода\Game\AI</Filter>
    </ClInclude>
    <ClInclude Include="..\shared_engine\Audio\alsnd_stream.h">
      <Filter>Файлы исходного кода\EngineLib\Audio</Filter>
    </ClInclude>
    <ClInclude Include="DrvSynHUD.h">
      <Filter>Файлы исходного кода\Game\UI</Filter>
    </ClInclude>
    <ClInclude Include="..\public\luabinding\LuaBinding_Math.h">
      <Filter>Файлы исходного кода\Game\Lua</Filter>
    </ClInclude>
    <ClInclude Include="state_title.h">
      <Filter>Файлы исходного кода\Game\States</Filter>
    </ClInclude>
    <ClInclude Include="state_mainmenu.h">
      <Filter>Файлы исходного кода\Game\States</Filter>
    </ClInclude>
    <ClInclude Include="ui_luaMenu.h">
      <Filter>Файлы исходного кода\Game\UI</Filter>
    </ClInclude>
    <ClInclude Include="..\shared_engine\EGFInstancer.h">
      <Filter>Файлы исходного кода\EngineLib</Filter>
    </ClInclude>
    <ClInclude Include="occluderSet.h">
      <Filter>Файлы исходного кода\Game\World</Filter>
    </ClInclude>
    <ClInclude Include="Rain.h">
      <Filter>Файлы исходного кода\Game\World</Filter>
    </ClInclude>
    <ClInclude Include="input.h">
      <Filter>Файлы исходного кода\Game</Filter>
    </ClInclude>
    <ClInclude Include="game_multiplayer.h">
      <Filter>Файлы исходного кода\Game\Sessions</Filter>
    </ClInclude>
    <ClInclude Include="game_singleplayer.h">
      <Filter>Файлы исходного кода\Game\Sessions</Filter>
    </ClInclude>
    <ClInclude Include="NetPlayer.h">
      <Filter>Файлы исходного кода\Game\Sessions</Filter>
    </ClInclude>
    <ClInclude Include="LiteHTMLContainer.h">
      <Filter>Файлы исходного кода\Game\UI</Filter>
    </ClInclude>
    <ClInclude Include="EventFSM.h">
      <Filter>Файлы исходного кода\Game\AI</Filter>
    </ClInclude>
    <ClInclude Include="AIEventTypes.h">
      <Filter>Файлы исходного кода\Game\AI</Filter>
    </ClInclude>
    <ClInclude Include="..\shared_engine\FontLayoutBuilders.h">
      <Filter>Файлы исходного кода\EngineLib\SharedUI</Filter>
    </ClInclude>
    <ClInclude Include="object_scripted.h">
      <Filter>Файлы исходного кода\Game\Objects</Filter>
    </ClInclude>
    <ClInclude Include="AITrafficCar.h">
      <Filter>Файлы исходного кода\Game\AI</Filter>
    </ClInclude>
    <ClInclude Include="AIPursuerCar.h">
      <Filter>Файлы исходного кода\Game\AI</Filter>
    </ClInclude>
    <ClInclude Include="..\shared_engine\eqGlobalMutex.h">
      <Filter>Файлы исходного кода\EngineLib</Filter>
    </ClInclude>
    <ClInclude Include="levelobject.h">
      <Filter>Файлы исходного кода\Game\World</Filter>
    </ClInclude>
    <ClInclude Include="region.h">
      <Filter>Файлы исходного кода\Game\World</Filter>
    </ClInclude>
    <ClInclude Include="predictable_object.h">
      <Filter>Файлы исходного кода\Game\Objects</Filter>
    </ClInclude>
    <ClInclude Include="state_lobby.h">
      <Filter>Файлы исходного кода\Game\States</Filter>
    </ClInclude>
    <ClInclude Include="..\shared_engine\video\AVStream.h">
      <Filter>Файлы исходного кода\EngineLib\Video</Filter>
    </ClInclude>
    <ClInclude Include="..\shared_engine\SpriteBuilder.h">
      <Filter>Файлы исходного кода\EngineLib</Filter>
    </ClInclude>
    <ClInclude Include="ParticleEffects.h">
      <Filter>Файлы исходного кода\Game\Effects</Filter>
    </ClInclude>
    <ClInclude Include="DrvSynDecals.h">
      <Filter>Файлы исходного кода\Game\World</Filter>
    </ClInclude>
    <ClInclude Include="ShadowRenderer.h">
      <Filter>Файлы исходного кода\Particles</Filter>
    </ClInclude>
    <ClInclude Include="..\public\utils\RectanglePacker.h">
      <Filter>Файлы исходного кода\Utils</Filter>
    </ClInclude>
    <ClInclude Include="road_defs.h">
      <Filter>Файлы исходного кода\Game\World</Filter>
    </ClInclude>
    <ClInclude Include="..\public\IFontCache.h">
      <Filter>Файлы исходного кода\EngineLib\SharedUI</Filter>
    </ClInclude>
    <ClInclude Include="..\shared_engine\KeyBinding\InputCommandBinder.h">
      <Filter>Файлы исходного кода\EngineLib</Filter>
    </ClInclude>
    <ClInclude Include="eqPhysics\eqPhysics_Controller.h">
      <Filter>Файлы исходного кода\Physics</Filter>
    </ClInclude>
    <ClInclude Include="eqPhysics\eqPhysics_HingeJoint.h">
      <Filter>Файлы исходного кода\Physics</Filter>
    </ClInclude>
    <ClInclude Include="eqPhysics\eqPhysics_Contstraint.h">
      <Filter>Файлы исходного кода\Physics</Filter>
    </ClInclude>
    <ClInclude Include="eqPhysics\eqPhysics_PointConstraint.h">
      <Filter>Файлы исходного кода\Physics</Filter>
    </ClInclude>
    <ClInclude Include="eqPhysics\eqPhysics_MaxDistConstraint.h">
      <Filter>Файлы исходного кода\Physics</Filter>
    </ClInclude>
    <ClInclude Include="director.h">
      <Filter>Файлы исходного кода\Game</Filter>
    </ClInclude>
    <ClInclude Include="..\shared_engine\EqUI\EqUI_Button.h">
      <Filter>Файлы исходного кода\EngineLib\EqUI</Filter>
    </ClInclude>
    <ClInclude Include="..\shared_engine\equi\equi_defs.h">
      <Filter>Файлы исходного кода\EngineLib\EqUI</Filter>
    </ClInclude>
    <ClInclude Include="..\shared_engine\EqUI\EqUI_Image.h">
      <Filter>Файлы исходного кода\EngineLib\EqUI</Filter>
    </ClInclude>
    <ClInclude Include="..\shared_engine\EqUI\EqUI_Label.h">
      <Filter>Файлы исходного кода\EngineLib\EqUI</Filter>
    </ClInclude>
    <ClInclude Include="..\shared_engine\EqUI\EqUI_Manager.h">
      <Filter>Файлы исходного кода\EngineLib\EqUI</Filter>
    </ClInclude>
    <ClInclude Include="..\shared_engine\EqUI\EqUI_Panel.h">
      <Filter>Файлы исходного кода\EngineLib\EqUI</Filter>
    </ClInclude>
    <ClInclude Include="..\shared_engine\EqUI\EqUI_Scheme.h">
      <Filter>Файлы исходного кода\EngineLib\EqUI</Filter>
    </ClInclude>
    <ClInclude Include="..\shared_engine\EqUI\IEqUI_Control.h">
      <Filter>Файлы исходного кода\EngineLib\EqUI</Filter>
    </ClInclude>
    <ClInclude Include="..\public\DataTable.h">
      <Filter>Файлы исходного кода\Game\Objects</Filter>
    </ClInclude>
    <ClInclude Include="AIManipulators.h">
      <Filter>Файлы исходного кода\Game\AI\Driver</Filter>
    </ClInclude>
    <ClInclude Include="session_stuff.h">
      <Filter>Файлы исходного кода\Game\Sessions</Filter>
    </ClInclude>
    <ClInclude Include="AIHandling.h">
      <Filter>Файлы исходного кода\Game\AI\Driver</Filter>
    </ClInclude>
    <ClInclude Include="AIManipulator_Navigation.h">
      <Filter>Файлы исходного кода\Game\AI\Driver</Filter>
    </ClInclude>
    <ClInclude Include="..\shared_game\PathFinder\Node.h">
      <Filter>Файлы исходного кода\EngineLib\PathFinder</Filter>
    </ClInclude>
    <ClInclude Include="..\shared_game\PathFinder\PathAlgorithm.h">
      <Filter>Файлы исходного кода\EngineLib\PathFinder</Filter>
    </ClInclude>
    <ClInclude Include="..\shared_game\PathFinder\PathFinder.h">
      <Filter>Файлы исходного кода\EngineLib\PathFinder</Filter>
    </ClInclude>
    <ClInclude Include="..\shared_game\PathFinder\AStar.h">
      <Filter>Файлы исходного кода\EngineLib\PathFinder</Filter>
    </ClInclude>
  </ItemGroup>
  <ItemGroup>
    <ResourceCompile Include="Resources\Resources.rc">
      <Filter>Файлы ресурсов</Filter>
    </ResourceCompile>
  </ItemGroup>
  <ItemGroup>
    <Image Include="Resources\mainicon.ico">
      <Filter>Файлы ресурсов</Filter>
    </Image>
  </ItemGroup>
</Project>