
Microsoft Visual Studio Solution File, Format Version 12.00
# Visual Studio Version 17
VisualStudioVersion = 17.9.34728.123
MinimumVisualStudioVersion = 10.0.40219.1
Project("{FAE04EC0-301F-11D3-BF4B-00C04F79EFBC}") = "EqLocalizationTool", "EqLocalizationTool.csproj", "{2E44FEC0-E3D1-4F79-BBA2-39607A62453C}"
EndProject
Global
	GlobalSection(SolutionConfigurationPlatforms) = preSolution
		Debug|Any CPU = Debug|Any CPU
		Release|Any CPU = Release|Any CPU
	EndGlobalSection
	GlobalSection(ProjectConfigurationPlatforms) = postSolution
		{2E44FEC0-E3D1-4F79-BBA2-39607A62453C}.Debug|Any CPU.ActiveCfg = Debug|Any CPU
		{2E44FEC0-E3D1-4F79-BBA2-39607A62453C}.Debug|Any CPU.Build.0 = Debug|Any CPU
		{2E44FEC0-E3D1-4F79-BBA2-39607A62453C}.Release|Any CPU.ActiveCfg = Release|Any CPU
		{2E44FEC0-E3D1-4F79-BBA2-39607A62453C}.Release|Any CPU.Build.0 = Release|Any CPU
	EndGlobalSection
	GlobalSection(SolutionProperties) = preSolution
		HideSolutionNode = FALSE
	EndGlobalSection
	GlobalSection(ExtensibilityGlobals) = postSolution
		SolutionGuid = {57F782F0-64BD-4C2E-AE4C-CBAEE0ADD3DF}
	EndGlobalSection
EndGlobal
